// !$*UTF8*$!
{
	archiveVersion = 1;
	classes = {
	};
	objectVersion = 50;
	objects = {

/* Begin PBXBuildFile section */
		3075B331BB415E6DEEF93C7F /* Pods_customerUITests.framework in Frameworks */ = {isa = PBXBuildFile; fileRef = 3D91C729F3446536B85330BD /* Pods_customerUITests.framework */; };
		42F26518ED51BA39C3E9257C /* Pods_SwyftApp.framework in Frameworks */ = {isa = PBXBuildFile; fileRef = E56BFC1BD4659EED740144B9 /* Pods_SwyftApp.framework */; };
		AF4258575BBF78D203C351DF /* Pods_SwyftAppUITests.framework in Frameworks */ = {isa = PBXBuildFile; fileRef = 76AFC878A683CB64EB2685E2 /* Pods_SwyftAppUITests.framework */; };
		BE30BE9D0C1829F915E90EAE /* Pods_SwyftAppTests.framework in Frameworks */ = {isa = PBXBuildFile; fileRef = 210503E4704FE41F4DA7D33D /* Pods_SwyftAppTests.framework */; };
		D001886822821087007BE1A6 /* Utils.swift in Sources */ = {isa = PBXBuildFile; fileRef = D001886722821087007BE1A6 /* Utils.swift */; };
		D001886B22834607007BE1A6 /* SignUpVC.swift in Sources */ = {isa = PBXBuildFile; fileRef = D001886A22834607007BE1A6 /* SignUpVC.swift */; };
		D01FC48D22835D4B00CCE886 /* AddPhoneNumberVC.swift in Sources */ = {isa = PBXBuildFile; fileRef = D01FC48C22835D4B00CCE886 /* AddPhoneNumberVC.swift */; };
		D01FC4912283603400CCE886 /* Localizable.strings in Resources */ = {isa = PBXBuildFile; fileRef = D01FC4932283603400CCE886 /* Localizable.strings */; };
		D01FC49522838CC400CCE886 /* SendCodeVC.swift in Sources */ = {isa = PBXBuildFile; fileRef = D01FC49422838CC400CCE886 /* SendCodeVC.swift */; };
		D01FC49722839EFC00CCE886 /* MainVC.swift in Sources */ = {isa = PBXBuildFile; fileRef = D01FC49622839EFC00CCE886 /* MainVC.swift */; };
		D02C0F1C229481DC00856279 /* PasswordTextField.swift in Sources */ = {isa = PBXBuildFile; fileRef = D02C0F1B229481DC00856279 /* PasswordTextField.swift */; };
		D02C0F1E229481E200856279 /* ShowPasswordView.swift in Sources */ = {isa = PBXBuildFile; fileRef = D02C0F1D229481E200856279 /* ShowPasswordView.swift */; };
		D02C0F262294826200856279 /* Images.xcassets in Resources */ = {isa = PBXBuildFile; fileRef = D02C0F252294826200856279 /* Images.xcassets */; };
		D052DA77228C8ACA0082C3AE /* BaseVC.swift in Sources */ = {isa = PBXBuildFile; fileRef = D052DA76228C8ACA0082C3AE /* BaseVC.swift */; };
		D052DA7A228DFD690082C3AE /* SignInPresenter.swift in Sources */ = {isa = PBXBuildFile; fileRef = D052DA79228DFD690082C3AE /* SignInPresenter.swift */; };
		D052DA7C228DFDB80082C3AE /* BaseViewProtocol.swift in Sources */ = {isa = PBXBuildFile; fileRef = D052DA7B228DFDB80082C3AE /* BaseViewProtocol.swift */; };
		D052DA7E228DFDD80082C3AE /* BasePresenter.swift in Sources */ = {isa = PBXBuildFile; fileRef = D052DA7D228DFDD80082C3AE /* BasePresenter.swift */; };
		D06A398B2284A19900DBF639 /* Session.swift in Sources */ = {isa = PBXBuildFile; fileRef = D06A398A2284A19900DBF639 /* Session.swift */; };
		D09679882280D8B400437952 /* CreateCustomer.swift in Sources */ = {isa = PBXBuildFile; fileRef = D09679872280D8B400437952 /* CreateCustomer.swift */; };
		D096798B2280E45800437952 /* UpdateCustomer.swift in Sources */ = {isa = PBXBuildFile; fileRef = D096798A2280E45800437952 /* UpdateCustomer.swift */; };
		D09679922281F95800437952 /* Extentions.swift in Sources */ = {isa = PBXBuildFile; fileRef = D09679912281F95800437952 /* Extentions.swift */; };
		D09679992281FAA500437952 /* Constants.swift in Sources */ = {isa = PBXBuildFile; fileRef = D09679982281FAA500437952 /* Constants.swift */; };
		D0A9941F2296127800F15363 /* SwyftSdk.framework in Frameworks */ = {isa = PBXBuildFile; fileRef = D04A75662296115E002AF349 /* SwyftSdk.framework */; };
		D0B6C4272280A2980044F7CA /* AppDelegate.swift in Sources */ = {isa = PBXBuildFile; fileRef = D0B6C4262280A2980044F7CA /* AppDelegate.swift */; };
		D0B6C4292280A2980044F7CA /* SignInVC.swift in Sources */ = {isa = PBXBuildFile; fileRef = D0B6C4282280A2980044F7CA /* SignInVC.swift */; };
		D0B6C42C2280A2980044F7CA /* Main.storyboard in Resources */ = {isa = PBXBuildFile; fileRef = D0B6C42A2280A2980044F7CA /* Main.storyboard */; };
		D0B6C42E2280A29A0044F7CA /* Assets.xcassets in Resources */ = {isa = PBXBuildFile; fileRef = D0B6C42D2280A29A0044F7CA /* Assets.xcassets */; };
		D0B6C4312280A29A0044F7CA /* LaunchScreen.storyboard in Resources */ = {isa = PBXBuildFile; fileRef = D0B6C42F2280A29A0044F7CA /* LaunchScreen.storyboard */; };
		D0B6C43C2280A29A0044F7CA /* customerTests.swift in Sources */ = {isa = PBXBuildFile; fileRef = D0B6C43B2280A29A0044F7CA /* customerTests.swift */; };
		D0B6C4472280A29A0044F7CA /* customerUITests.swift in Sources */ = {isa = PBXBuildFile; fileRef = D0B6C4462280A29A0044F7CA /* customerUITests.swift */; };
		D0C73A8F2280B09100D10035 /* GetCustomer.swift in Sources */ = {isa = PBXBuildFile; fileRef = D008E9932280A78A00137C6E /* GetCustomer.swift */; };
		D0CD347E2293142700585879 /* SignUpPresenter.swift in Sources */ = {isa = PBXBuildFile; fileRef = D0CD347D2293142700585879 /* SignUpPresenter.swift */; };
		D0CD34812293143B00585879 /* AddPhoneNumberPresenter.swift in Sources */ = {isa = PBXBuildFile; fileRef = D0CD34802293143B00585879 /* AddPhoneNumberPresenter.swift */; };
		D0CD34832293144D00585879 /* SendCodePresenter.swift in Sources */ = {isa = PBXBuildFile; fileRef = D0CD34822293144D00585879 /* SendCodePresenter.swift */; };
		D0F7D9102296121C006137AE /* GoogleService-Info.plist in Resources */ = {isa = PBXBuildFile; fileRef = D0F7D90F2296121C006137AE /* GoogleService-Info.plist */; };
		E0855FC6FAB9EA3F8654EE7C /* Pods_customerTests.framework in Frameworks */ = {isa = PBXBuildFile; fileRef = 7DDAE85528619CEC63B259EB /* Pods_customerTests.framework */; };
/* End PBXBuildFile section */

/* Begin PBXContainerItemProxy section */
		D04A75652296115E002AF349 /* PBXContainerItemProxy */ = {
			isa = PBXContainerItemProxy;
			containerPortal = D04A75602296115E002AF349 /* SwyftSdk.xcodeproj */;
			proxyType = 2;
			remoteGlobalIDString = D0997B132280AEBC00A82DFB;
			remoteInfo = SwyftSdk;
		};
		D04A75672296115E002AF349 /* PBXContainerItemProxy */ = {
			isa = PBXContainerItemProxy;
			containerPortal = D04A75602296115E002AF349 /* SwyftSdk.xcodeproj */;
			proxyType = 2;
			remoteGlobalIDString = D0997B1C2280AEBC00A82DFB;
			remoteInfo = SwyftSdkTests;
		};
		D0B6C4382280A29A0044F7CA /* PBXContainerItemProxy */ = {
			isa = PBXContainerItemProxy;
			containerPortal = D0B6C41B2280A2980044F7CA /* Project object */;
			proxyType = 1;
			remoteGlobalIDString = D0B6C4222280A2980044F7CA;
			remoteInfo = customer;
		};
		D0B6C4432280A29A0044F7CA /* PBXContainerItemProxy */ = {
			isa = PBXContainerItemProxy;
			containerPortal = D0B6C41B2280A2980044F7CA /* Project object */;
			proxyType = 1;
			remoteGlobalIDString = D0B6C4222280A2980044F7CA;
			remoteInfo = customer;
		};
/* End PBXContainerItemProxy section */

/* Begin PBXCopyFilesBuildPhase section */
		D0C73A8D2280B03800D10035 /* Embed Frameworks */ = {
			isa = PBXCopyFilesBuildPhase;
			buildActionMask = 2147483647;
			dstPath = "";
			dstSubfolderSpec = 10;
			files = (
			);
			name = "Embed Frameworks";
			runOnlyForDeploymentPostprocessing = 0;
		};
/* End PBXCopyFilesBuildPhase section */

/* Begin PBXFileReference section */
		09D5A6FFDFC97CEDFE393DD4 /* Pods-customerUITests.release.xcconfig */ = {isa = PBXFileReference; includeInIndex = 1; lastKnownFileType = text.xcconfig; name = "Pods-customerUITests.release.xcconfig"; path = "Pods/Target Support Files/Pods-customerUITests/Pods-customerUITests.release.xcconfig"; sourceTree = "<group>"; };
		1D64DC3D8EAD24C3673B14D9 /* Pods-SwyftAppUITests.release.xcconfig */ = {isa = PBXFileReference; includeInIndex = 1; lastKnownFileType = text.xcconfig; name = "Pods-SwyftAppUITests.release.xcconfig"; path = "Pods/Target Support Files/Pods-SwyftAppUITests/Pods-SwyftAppUITests.release.xcconfig"; sourceTree = "<group>"; };
		2086681238BEFA66CC5E2561 /* Pods-customerTests.debug.xcconfig */ = {isa = PBXFileReference; includeInIndex = 1; lastKnownFileType = text.xcconfig; name = "Pods-customerTests.debug.xcconfig"; path = "Pods/Target Support Files/Pods-customerTests/Pods-customerTests.debug.xcconfig"; sourceTree = "<group>"; };
		210503E4704FE41F4DA7D33D /* Pods_SwyftAppTests.framework */ = {isa = PBXFileReference; explicitFileType = wrapper.framework; includeInIndex = 0; path = Pods_SwyftAppTests.framework; sourceTree = BUILT_PRODUCTS_DIR; };
		35383258FFC356C6EAEA045B /* Pods-customer.debug.xcconfig */ = {isa = PBXFileReference; includeInIndex = 1; lastKnownFileType = text.xcconfig; name = "Pods-customer.debug.xcconfig"; path = "Pods/Target Support Files/Pods-customer/Pods-customer.debug.xcconfig"; sourceTree = "<group>"; };
		3A5B1894AA1C2F2768A40743 /* Pods-SwyftAppTests.debug.xcconfig */ = {isa = PBXFileReference; includeInIndex = 1; lastKnownFileType = text.xcconfig; name = "Pods-SwyftAppTests.debug.xcconfig"; path = "Pods/Target Support Files/Pods-SwyftAppTests/Pods-SwyftAppTests.debug.xcconfig"; sourceTree = "<group>"; };
		3D91C729F3446536B85330BD /* Pods_customerUITests.framework */ = {isa = PBXFileReference; explicitFileType = wrapper.framework; includeInIndex = 0; path = Pods_customerUITests.framework; sourceTree = BUILT_PRODUCTS_DIR; };
		3E3BB766BE4E755A5EC63703 /* Pods-SwyftApp.release.xcconfig */ = {isa = PBXFileReference; includeInIndex = 1; lastKnownFileType = text.xcconfig; name = "Pods-SwyftApp.release.xcconfig"; path = "Pods/Target Support Files/Pods-SwyftApp/Pods-SwyftApp.release.xcconfig"; sourceTree = "<group>"; };
		5AD96C77698343C97A08050E /* Pods-customerTests.release.xcconfig */ = {isa = PBXFileReference; includeInIndex = 1; lastKnownFileType = text.xcconfig; name = "Pods-customerTests.release.xcconfig"; path = "Pods/Target Support Files/Pods-customerTests/Pods-customerTests.release.xcconfig"; sourceTree = "<group>"; };
		76AFC878A683CB64EB2685E2 /* Pods_SwyftAppUITests.framework */ = {isa = PBXFileReference; explicitFileType = wrapper.framework; includeInIndex = 0; path = Pods_SwyftAppUITests.framework; sourceTree = BUILT_PRODUCTS_DIR; };
		7C2961193516CCBE6AB09B5A /* Pods-SwyftAppTests.release.xcconfig */ = {isa = PBXFileReference; includeInIndex = 1; lastKnownFileType = text.xcconfig; name = "Pods-SwyftAppTests.release.xcconfig"; path = "Pods/Target Support Files/Pods-SwyftAppTests/Pods-SwyftAppTests.release.xcconfig"; sourceTree = "<group>"; };
		7C549802397A2246154BB4ED /* Pods-SwyftApp.debug.xcconfig */ = {isa = PBXFileReference; includeInIndex = 1; lastKnownFileType = text.xcconfig; name = "Pods-SwyftApp.debug.xcconfig"; path = "Pods/Target Support Files/Pods-SwyftApp/Pods-SwyftApp.debug.xcconfig"; sourceTree = "<group>"; };
		7DDAE85528619CEC63B259EB /* Pods_customerTests.framework */ = {isa = PBXFileReference; explicitFileType = wrapper.framework; includeInIndex = 0; path = Pods_customerTests.framework; sourceTree = BUILT_PRODUCTS_DIR; };
		972C6082B7EBA22DB6729445 /* Pods_customer.framework */ = {isa = PBXFileReference; explicitFileType = wrapper.framework; includeInIndex = 0; path = Pods_customer.framework; sourceTree = BUILT_PRODUCTS_DIR; };
		A3F364ED4A6C21A2DE322FEF /* Pods-customer.release.xcconfig */ = {isa = PBXFileReference; includeInIndex = 1; lastKnownFileType = text.xcconfig; name = "Pods-customer.release.xcconfig"; path = "Pods/Target Support Files/Pods-customer/Pods-customer.release.xcconfig"; sourceTree = "<group>"; };
		BACD281863814AF1E755DD3B /* Pods-SwyftAppUITests.debug.xcconfig */ = {isa = PBXFileReference; includeInIndex = 1; lastKnownFileType = text.xcconfig; name = "Pods-SwyftAppUITests.debug.xcconfig"; path = "Pods/Target Support Files/Pods-SwyftAppUITests/Pods-SwyftAppUITests.debug.xcconfig"; sourceTree = "<group>"; };
		D001886722821087007BE1A6 /* Utils.swift */ = {isa = PBXFileReference; lastKnownFileType = sourcecode.swift; path = Utils.swift; sourceTree = "<group>"; };
		D001886A22834607007BE1A6 /* SignUpVC.swift */ = {isa = PBXFileReference; lastKnownFileType = sourcecode.swift; path = SignUpVC.swift; sourceTree = "<group>"; };
		D008E9932280A78A00137C6E /* GetCustomer.swift */ = {isa = PBXFileReference; fileEncoding = 4; lastKnownFileType = sourcecode.swift; path = GetCustomer.swift; sourceTree = "<group>"; };
		D01FC48C22835D4B00CCE886 /* AddPhoneNumberVC.swift */ = {isa = PBXFileReference; lastKnownFileType = sourcecode.swift; path = AddPhoneNumberVC.swift; sourceTree = "<group>"; };
		D01FC4922283603400CCE886 /* en */ = {isa = PBXFileReference; lastKnownFileType = text.plist.strings; name = en; path = en.lproj/Localizable.strings; sourceTree = "<group>"; };
		D01FC49422838CC400CCE886 /* SendCodeVC.swift */ = {isa = PBXFileReference; lastKnownFileType = sourcecode.swift; path = SendCodeVC.swift; sourceTree = "<group>"; };
		D01FC49622839EFC00CCE886 /* MainVC.swift */ = {isa = PBXFileReference; lastKnownFileType = sourcecode.swift; path = MainVC.swift; sourceTree = "<group>"; };
		D02C0F1B229481DC00856279 /* PasswordTextField.swift */ = {isa = PBXFileReference; fileEncoding = 4; lastKnownFileType = sourcecode.swift; path = PasswordTextField.swift; sourceTree = "<group>"; };
		D02C0F1D229481E200856279 /* ShowPasswordView.swift */ = {isa = PBXFileReference; fileEncoding = 4; lastKnownFileType = sourcecode.swift; path = ShowPasswordView.swift; sourceTree = "<group>"; };
		D02C0F252294826200856279 /* Images.xcassets */ = {isa = PBXFileReference; lastKnownFileType = folder.assetcatalog; path = Images.xcassets; sourceTree = "<group>"; };
		D04A75602296115E002AF349 /* SwyftSdk.xcodeproj */ = {isa = PBXFileReference; lastKnownFileType = "wrapper.pb-project"; name = SwyftSdk.xcodeproj; path = "../swyft-app-ios-sdk/SwyftSdk.xcodeproj"; sourceTree = "<group>"; };
		D052DA76228C8ACA0082C3AE /* BaseVC.swift */ = {isa = PBXFileReference; lastKnownFileType = sourcecode.swift; path = BaseVC.swift; sourceTree = "<group>"; };
		D052DA79228DFD690082C3AE /* SignInPresenter.swift */ = {isa = PBXFileReference; lastKnownFileType = sourcecode.swift; path = SignInPresenter.swift; sourceTree = "<group>"; };
		D052DA7B228DFDB80082C3AE /* BaseViewProtocol.swift */ = {isa = PBXFileReference; lastKnownFileType = sourcecode.swift; path = BaseViewProtocol.swift; sourceTree = "<group>"; };
		D052DA7D228DFDD80082C3AE /* BasePresenter.swift */ = {isa = PBXFileReference; lastKnownFileType = sourcecode.swift; path = BasePresenter.swift; sourceTree = "<group>"; };
		D06A398A2284A19900DBF639 /* Session.swift */ = {isa = PBXFileReference; lastKnownFileType = sourcecode.swift; path = Session.swift; sourceTree = "<group>"; };
		D09679872280D8B400437952 /* CreateCustomer.swift */ = {isa = PBXFileReference; lastKnownFileType = sourcecode.swift; path = CreateCustomer.swift; sourceTree = "<group>"; };
		D096798A2280E45800437952 /* UpdateCustomer.swift */ = {isa = PBXFileReference; lastKnownFileType = sourcecode.swift; path = UpdateCustomer.swift; sourceTree = "<group>"; };
		D09679912281F95800437952 /* Extentions.swift */ = {isa = PBXFileReference; lastKnownFileType = sourcecode.swift; path = Extentions.swift; sourceTree = "<group>"; };
		D09679982281FAA500437952 /* Constants.swift */ = {isa = PBXFileReference; lastKnownFileType = sourcecode.swift; path = Constants.swift; sourceTree = "<group>"; };
		D0B6C4232280A2980044F7CA /* SwyftApp.app */ = {isa = PBXFileReference; explicitFileType = wrapper.application; includeInIndex = 0; path = SwyftApp.app; sourceTree = BUILT_PRODUCTS_DIR; };
		D0B6C4262280A2980044F7CA /* AppDelegate.swift */ = {isa = PBXFileReference; lastKnownFileType = sourcecode.swift; path = AppDelegate.swift; sourceTree = "<group>"; };
		D0B6C4282280A2980044F7CA /* SignInVC.swift */ = {isa = PBXFileReference; lastKnownFileType = sourcecode.swift; path = SignInVC.swift; sourceTree = "<group>"; };
		D0B6C42B2280A2980044F7CA /* Base */ = {isa = PBXFileReference; lastKnownFileType = file.storyboard; name = Base; path = Base.lproj/Main.storyboard; sourceTree = "<group>"; };
		D0B6C42D2280A29A0044F7CA /* Assets.xcassets */ = {isa = PBXFileReference; lastKnownFileType = folder.assetcatalog; path = Assets.xcassets; sourceTree = "<group>"; };
		D0B6C4302280A29A0044F7CA /* Base */ = {isa = PBXFileReference; lastKnownFileType = file.storyboard; name = Base; path = Base.lproj/LaunchScreen.storyboard; sourceTree = "<group>"; };
		D0B6C4322280A29A0044F7CA /* Info.plist */ = {isa = PBXFileReference; lastKnownFileType = text.plist.xml; path = Info.plist; sourceTree = "<group>"; };
		D0B6C4372280A29A0044F7CA /* SwyftAppTests.xctest */ = {isa = PBXFileReference; explicitFileType = wrapper.cfbundle; includeInIndex = 0; path = SwyftAppTests.xctest; sourceTree = BUILT_PRODUCTS_DIR; };
		D0B6C43B2280A29A0044F7CA /* customerTests.swift */ = {isa = PBXFileReference; lastKnownFileType = sourcecode.swift; path = customerTests.swift; sourceTree = "<group>"; };
		D0B6C43D2280A29A0044F7CA /* Info.plist */ = {isa = PBXFileReference; lastKnownFileType = text.plist.xml; path = Info.plist; sourceTree = "<group>"; };
		D0B6C4422280A29A0044F7CA /* SwyftAppUITests.xctest */ = {isa = PBXFileReference; explicitFileType = wrapper.cfbundle; includeInIndex = 0; path = SwyftAppUITests.xctest; sourceTree = BUILT_PRODUCTS_DIR; };
		D0B6C4462280A29A0044F7CA /* customerUITests.swift */ = {isa = PBXFileReference; lastKnownFileType = sourcecode.swift; path = customerUITests.swift; sourceTree = "<group>"; };
		D0B6C4482280A29A0044F7CA /* Info.plist */ = {isa = PBXFileReference; lastKnownFileType = text.plist.xml; path = Info.plist; sourceTree = "<group>"; };
		D0CD347D2293142700585879 /* SignUpPresenter.swift */ = {isa = PBXFileReference; lastKnownFileType = sourcecode.swift; path = SignUpPresenter.swift; sourceTree = "<group>"; };
		D0CD34802293143B00585879 /* AddPhoneNumberPresenter.swift */ = {isa = PBXFileReference; lastKnownFileType = sourcecode.swift; path = AddPhoneNumberPresenter.swift; sourceTree = "<group>"; };
		D0CD34822293144D00585879 /* SendCodePresenter.swift */ = {isa = PBXFileReference; lastKnownFileType = sourcecode.swift; path = SendCodePresenter.swift; sourceTree = "<group>"; };
		D0F7D90F2296121C006137AE /* GoogleService-Info.plist */ = {isa = PBXFileReference; fileEncoding = 4; lastKnownFileType = text.plist.xml; name = "GoogleService-Info.plist"; path = "../../../../../Downloads/GoogleService-Info.plist"; sourceTree = "<group>"; };
		D75AE457AEB2FDD93F2DBAF3 /* Pods-customerUITests.debug.xcconfig */ = {isa = PBXFileReference; includeInIndex = 1; lastKnownFileType = text.xcconfig; name = "Pods-customerUITests.debug.xcconfig"; path = "Pods/Target Support Files/Pods-customerUITests/Pods-customerUITests.debug.xcconfig"; sourceTree = "<group>"; };
		E56BFC1BD4659EED740144B9 /* Pods_SwyftApp.framework */ = {isa = PBXFileReference; explicitFileType = wrapper.framework; includeInIndex = 0; path = Pods_SwyftApp.framework; sourceTree = BUILT_PRODUCTS_DIR; };
/* End PBXFileReference section */

/* Begin PBXFrameworksBuildPhase section */
		D0B6C4202280A2980044F7CA /* Frameworks */ = {
			isa = PBXFrameworksBuildPhase;
			buildActionMask = 2147483647;
			files = (
				D0A9941F2296127800F15363 /* SwyftSdk.framework in Frameworks */,
				42F26518ED51BA39C3E9257C /* Pods_SwyftApp.framework in Frameworks */,
			);
			runOnlyForDeploymentPostprocessing = 0;
		};
		D0B6C4342280A29A0044F7CA /* Frameworks */ = {
			isa = PBXFrameworksBuildPhase;
			buildActionMask = 2147483647;
			files = (
				E0855FC6FAB9EA3F8654EE7C /* Pods_customerTests.framework in Frameworks */,
				BE30BE9D0C1829F915E90EAE /* Pods_SwyftAppTests.framework in Frameworks */,
			);
			runOnlyForDeploymentPostprocessing = 0;
		};
		D0B6C43F2280A29A0044F7CA /* Frameworks */ = {
			isa = PBXFrameworksBuildPhase;
			buildActionMask = 2147483647;
			files = (
				3075B331BB415E6DEEF93C7F /* Pods_customerUITests.framework in Frameworks */,
				AF4258575BBF78D203C351DF /* Pods_SwyftAppUITests.framework in Frameworks */,
			);
			runOnlyForDeploymentPostprocessing = 0;
		};
/* End PBXFrameworksBuildPhase section */

/* Begin PBXGroup section */
		09443B90F4D4AE96F8283037 /* Frameworks */ = {
			isa = PBXGroup;
			children = (
				972C6082B7EBA22DB6729445 /* Pods_customer.framework */,
				7DDAE85528619CEC63B259EB /* Pods_customerTests.framework */,
				3D91C729F3446536B85330BD /* Pods_customerUITests.framework */,
				E56BFC1BD4659EED740144B9 /* Pods_SwyftApp.framework */,
				210503E4704FE41F4DA7D33D /* Pods_SwyftAppTests.framework */,
				76AFC878A683CB64EB2685E2 /* Pods_SwyftAppUITests.framework */,
			);
			name = Frameworks;
			sourceTree = "<group>";
		};
		7136E2E5E544DB4F7506B58C /* Pods */ = {
			isa = PBXGroup;
			children = (
				35383258FFC356C6EAEA045B /* Pods-customer.debug.xcconfig */,
				A3F364ED4A6C21A2DE322FEF /* Pods-customer.release.xcconfig */,
				2086681238BEFA66CC5E2561 /* Pods-customerTests.debug.xcconfig */,
				5AD96C77698343C97A08050E /* Pods-customerTests.release.xcconfig */,
				D75AE457AEB2FDD93F2DBAF3 /* Pods-customerUITests.debug.xcconfig */,
				09D5A6FFDFC97CEDFE393DD4 /* Pods-customerUITests.release.xcconfig */,
				7C549802397A2246154BB4ED /* Pods-SwyftApp.debug.xcconfig */,
				3E3BB766BE4E755A5EC63703 /* Pods-SwyftApp.release.xcconfig */,
				3A5B1894AA1C2F2768A40743 /* Pods-SwyftAppTests.debug.xcconfig */,
				7C2961193516CCBE6AB09B5A /* Pods-SwyftAppTests.release.xcconfig */,
				BACD281863814AF1E755DD3B /* Pods-SwyftAppUITests.debug.xcconfig */,
				1D64DC3D8EAD24C3673B14D9 /* Pods-SwyftAppUITests.release.xcconfig */,
			);
			name = Pods;
			sourceTree = "<group>";
		};
		D01FC4902283600F00CCE886 /* strings */ = {
			isa = PBXGroup;
			children = (
				D01FC4932283603400CCE886 /* Localizable.strings */,
			);
			path = strings;
			sourceTree = "<group>";
		};
		D02C0F19229481C600856279 /* UIModules */ = {
			isa = PBXGroup;
			children = (
				D02C0F1D229481E200856279 /* ShowPasswordView.swift */,
				D02C0F1B229481DC00856279 /* PasswordTextField.swift */,
			);
			path = UIModules;
			sourceTree = "<group>";
		};
		D04A75612296115E002AF349 /* Products */ = {
			isa = PBXGroup;
			children = (
				D04A75662296115E002AF349 /* SwyftSdk.framework */,
				D04A75682296115E002AF349 /* SwyftSdkTests.xctest */,
			);
			name = Products;
			sourceTree = "<group>";
		};
		D0505FB2228E1F06001D7836 /* Bases */ = {
			isa = PBXGroup;
			children = (
				D052DA7B228DFDB80082C3AE /* BaseViewProtocol.swift */,
				D052DA76228C8ACA0082C3AE /* BaseVC.swift */,
				D052DA7D228DFDD80082C3AE /* BasePresenter.swift */,
			);
			path = Bases;
			sourceTree = "<group>";
		};
		D052DA752289D0AE0082C3AE /* Presenters */ = {
			isa = PBXGroup;
			children = (
				D052DA79228DFD690082C3AE /* SignInPresenter.swift */,
				D0CD347D2293142700585879 /* SignUpPresenter.swift */,
				D0CD34802293143B00585879 /* AddPhoneNumberPresenter.swift */,
				D0CD34822293144D00585879 /* SendCodePresenter.swift */,
			);
			path = Presenters;
			sourceTree = "<group>";
		};
		D052DA80228E15CD0082C3AE /* Bases */ = {
			isa = PBXGroup;
			children = (
			);
			path = Bases;
			sourceTree = "<group>";
		};
		D06A39892284A18100DBF639 /* Singletons */ = {
			isa = PBXGroup;
			children = (
				D06A398A2284A19900DBF639 /* Session.swift */,
			);
			path = Singletons;
			sourceTree = "<group>";
		};
		D09679932281F9DD00437952 /* Utils */ = {
			isa = PBXGroup;
			children = (
				D09679912281F95800437952 /* Extentions.swift */,
				D09679982281FAA500437952 /* Constants.swift */,
				D001886722821087007BE1A6 /* Utils.swift */,
			);
			path = Utils;
			sourceTree = "<group>";
		};
		D09679942281F9ED00437952 /* Interactors */ = {
			isa = PBXGroup;
			children = (
				D09679872280D8B400437952 /* CreateCustomer.swift */,
				D096798A2280E45800437952 /* UpdateCustomer.swift */,
				D008E9932280A78A00137C6E /* GetCustomer.swift */,
			);
			path = Interactors;
			sourceTree = "<group>";
		};
		D09679952281FA0000437952 /* Storyboards */ = {
			isa = PBXGroup;
			children = (
				D0B6C42A2280A2980044F7CA /* Main.storyboard */,
				D0B6C42F2280A29A0044F7CA /* LaunchScreen.storyboard */,
			);
			path = Storyboards;
			sourceTree = "<group>";
		};
		D09679962281FA1800437952 /* ViewControllers */ = {
			isa = PBXGroup;
			children = (
				D052DA80228E15CD0082C3AE /* Bases */,
				D0B6C4282280A2980044F7CA /* SignInVC.swift */,
				D001886A22834607007BE1A6 /* SignUpVC.swift */,
				D01FC48C22835D4B00CCE886 /* AddPhoneNumberVC.swift */,
				D01FC49422838CC400CCE886 /* SendCodeVC.swift */,
				D01FC49622839EFC00CCE886 /* MainVC.swift */,
			);
			path = ViewControllers;
			sourceTree = "<group>";
		};
		D09679972281FA6F00437952 /* Resources */ = {
			isa = PBXGroup;
			children = (
				D0F7D90F2296121C006137AE /* GoogleService-Info.plist */,
				D01FC4902283600F00CCE886 /* strings */,
				D0B6C42D2280A29A0044F7CA /* Assets.xcassets */,
			);
			path = Resources;
			sourceTree = "<group>";
		};
		D0B6C41A2280A2980044F7CA = {
			isa = PBXGroup;
			children = (
				D04A75602296115E002AF349 /* SwyftSdk.xcodeproj */,
				D0B6C4252280A2980044F7CA /* SwyftApp */,
				D0B6C43A2280A29A0044F7CA /* SwyftAppTests */,
				D0B6C4452280A29A0044F7CA /* SwyftAppUITests */,
				D0B6C4242280A2980044F7CA /* Products */,
				7136E2E5E544DB4F7506B58C /* Pods */,
				09443B90F4D4AE96F8283037 /* Frameworks */,
			);
			sourceTree = "<group>";
		};
		D0B6C4242280A2980044F7CA /* Products */ = {
			isa = PBXGroup;
			children = (
				D0B6C4232280A2980044F7CA /* SwyftApp.app */,
				D0B6C4372280A29A0044F7CA /* SwyftAppTests.xctest */,
				D0B6C4422280A29A0044F7CA /* SwyftAppUITests.xctest */,
			);
			name = Products;
			sourceTree = "<group>";
		};
		D0B6C4252280A2980044F7CA /* SwyftApp */ = {
			isa = PBXGroup;
			children = (
				D02C0F19229481C600856279 /* UIModules */,
				D0505FB2228E1F06001D7836 /* Bases */,
				D052DA752289D0AE0082C3AE /* Presenters */,
				D0B6C4322280A29A0044F7CA /* Info.plist */,
				D06A39892284A18100DBF639 /* Singletons */,
				D09679972281FA6F00437952 /* Resources */,
				D09679962281FA1800437952 /* ViewControllers */,
				D09679952281FA0000437952 /* Storyboards */,
				D09679942281F9ED00437952 /* Interactors */,
				D09679932281F9DD00437952 /* Utils */,
				D0B6C4262280A2980044F7CA /* AppDelegate.swift */,
				D02C0F252294826200856279 /* Images.xcassets */,
			);
			path = SwyftApp;
			sourceTree = "<group>";
		};
		D0B6C43A2280A29A0044F7CA /* SwyftAppTests */ = {
			isa = PBXGroup;
			children = (
				D0B6C43B2280A29A0044F7CA /* customerTests.swift */,
				D0B6C43D2280A29A0044F7CA /* Info.plist */,
			);
			path = SwyftAppTests;
			sourceTree = "<group>";
		};
		D0B6C4452280A29A0044F7CA /* SwyftAppUITests */ = {
			isa = PBXGroup;
			children = (
				D0B6C4462280A29A0044F7CA /* customerUITests.swift */,
				D0B6C4482280A29A0044F7CA /* Info.plist */,
			);
			path = SwyftAppUITests;
			sourceTree = "<group>";
		};
/* End PBXGroup section */

/* Begin PBXNativeTarget section */
		D0B6C4222280A2980044F7CA /* SwyftApp */ = {
			isa = PBXNativeTarget;
			buildConfigurationList = D0B6C44B2280A29A0044F7CA /* Build configuration list for PBXNativeTarget "SwyftApp" */;
			buildPhases = (
				1A7455D1BB4019AF0D8AA41B /* [CP] Check Pods Manifest.lock */,
				D0B6C41F2280A2980044F7CA /* Sources */,
				D0B6C4202280A2980044F7CA /* Frameworks */,
				D0B6C4212280A2980044F7CA /* Resources */,
				3B7A21A381486951E14A5840 /* [CP] Embed Pods Frameworks */,
				4708052051F2F3325D940904 /* [CP] Copy Pods Resources */,
				D0C73A8D2280B03800D10035 /* Embed Frameworks */,
			);
			buildRules = (
			);
			dependencies = (
			);
			name = SwyftApp;
			productName = customer;
			productReference = D0B6C4232280A2980044F7CA /* SwyftApp.app */;
			productType = "com.apple.product-type.application";
		};
		D0B6C4362280A29A0044F7CA /* SwyftAppTests */ = {
			isa = PBXNativeTarget;
			buildConfigurationList = D0B6C44E2280A29A0044F7CA /* Build configuration list for PBXNativeTarget "SwyftAppTests" */;
			buildPhases = (
				DC37A6CBE848AA80CC3DEC2D /* [CP] Check Pods Manifest.lock */,
				D0B6C4332280A29A0044F7CA /* Sources */,
				D0B6C4342280A29A0044F7CA /* Frameworks */,
				D0B6C4352280A29A0044F7CA /* Resources */,
			);
			buildRules = (
			);
			dependencies = (
				D0B6C4392280A29A0044F7CA /* PBXTargetDependency */,
			);
			name = SwyftAppTests;
			productName = customerTests;
			productReference = D0B6C4372280A29A0044F7CA /* SwyftAppTests.xctest */;
			productType = "com.apple.product-type.bundle.unit-test";
		};
		D0B6C4412280A29A0044F7CA /* SwyftAppUITests */ = {
			isa = PBXNativeTarget;
			buildConfigurationList = D0B6C4512280A29A0044F7CA /* Build configuration list for PBXNativeTarget "SwyftAppUITests" */;
			buildPhases = (
				D3B1939B28A52C172A506411 /* [CP] Check Pods Manifest.lock */,
				D0B6C43E2280A29A0044F7CA /* Sources */,
				D0B6C43F2280A29A0044F7CA /* Frameworks */,
				D0B6C4402280A29A0044F7CA /* Resources */,
			);
			buildRules = (
			);
			dependencies = (
				D0B6C4442280A29A0044F7CA /* PBXTargetDependency */,
			);
			name = SwyftAppUITests;
			productName = customerUITests;
			productReference = D0B6C4422280A29A0044F7CA /* SwyftAppUITests.xctest */;
			productType = "com.apple.product-type.bundle.ui-testing";
		};
/* End PBXNativeTarget section */

/* Begin PBXProject section */
		D0B6C41B2280A2980044F7CA /* Project object */ = {
			isa = PBXProject;
			attributes = {
				LastSwiftUpdateCheck = 1010;
				LastUpgradeCheck = 1010;
				ORGANIZATIONNAME = "Tom Manuel";
				TargetAttributes = {
					D0B6C4222280A2980044F7CA = {
						CreatedOnToolsVersion = 10.1;
						SystemCapabilities = {
							com.apple.BackgroundModes = {
								enabled = 1;
							};
						};
					};
					D0B6C4362280A29A0044F7CA = {
						CreatedOnToolsVersion = 10.1;
						TestTargetID = D0B6C4222280A2980044F7CA;
					};
					D0B6C4412280A29A0044F7CA = {
						CreatedOnToolsVersion = 10.1;
						TestTargetID = D0B6C4222280A2980044F7CA;
					};
				};
			};
			buildConfigurationList = D0B6C41E2280A2980044F7CA /* Build configuration list for PBXProject "SwyftApp" */;
			compatibilityVersion = "Xcode 9.3";
			developmentRegion = en;
			hasScannedForEncodings = 0;
			knownRegions = (
				en,
				Base,
			);
			mainGroup = D0B6C41A2280A2980044F7CA;
			productRefGroup = D0B6C4242280A2980044F7CA /* Products */;
			projectDirPath = "";
			projectReferences = (
				{
					ProductGroup = D04A75612296115E002AF349 /* Products */;
					ProjectRef = D04A75602296115E002AF349 /* SwyftSdk.xcodeproj */;
				},
			);
			projectRoot = "";
			targets = (
				D0B6C4222280A2980044F7CA /* SwyftApp */,
				D0B6C4362280A29A0044F7CA /* SwyftAppTests */,
				D0B6C4412280A29A0044F7CA /* SwyftAppUITests */,
			);
		};
/* End PBXProject section */

/* Begin PBXReferenceProxy section */
		D04A75662296115E002AF349 /* SwyftSdk.framework */ = {
			isa = PBXReferenceProxy;
			fileType = wrapper.framework;
			path = SwyftSdk.framework;
			remoteRef = D04A75652296115E002AF349 /* PBXContainerItemProxy */;
			sourceTree = BUILT_PRODUCTS_DIR;
		};
		D04A75682296115E002AF349 /* SwyftSdkTests.xctest */ = {
			isa = PBXReferenceProxy;
			fileType = wrapper.cfbundle;
			path = SwyftSdkTests.xctest;
			remoteRef = D04A75672296115E002AF349 /* PBXContainerItemProxy */;
			sourceTree = BUILT_PRODUCTS_DIR;
		};
/* End PBXReferenceProxy section */

/* Begin PBXResourcesBuildPhase section */
		D0B6C4212280A2980044F7CA /* Resources */ = {
			isa = PBXResourcesBuildPhase;
			buildActionMask = 2147483647;
			files = (
				D02C0F262294826200856279 /* Images.xcassets in Resources */,
				D01FC4912283603400CCE886 /* Localizable.strings in Resources */,
				D0B6C4312280A29A0044F7CA /* LaunchScreen.storyboard in Resources */,
				D0B6C42E2280A29A0044F7CA /* Assets.xcassets in Resources */,
				D0B6C42C2280A2980044F7CA /* Main.storyboard in Resources */,
				D0F7D9102296121C006137AE /* GoogleService-Info.plist in Resources */,
			);
			runOnlyForDeploymentPostprocessing = 0;
		};
		D0B6C4352280A29A0044F7CA /* Resources */ = {
			isa = PBXResourcesBuildPhase;
			buildActionMask = 2147483647;
			files = (
			);
			runOnlyForDeploymentPostprocessing = 0;
		};
		D0B6C4402280A29A0044F7CA /* Resources */ = {
			isa = PBXResourcesBuildPhase;
			buildActionMask = 2147483647;
			files = (
			);
			runOnlyForDeploymentPostprocessing = 0;
		};
/* End PBXResourcesBuildPhase section */

/* Begin PBXShellScriptBuildPhase section */
		1A7455D1BB4019AF0D8AA41B /* [CP] Check Pods Manifest.lock */ = {
			isa = PBXShellScriptBuildPhase;
			buildActionMask = 2147483647;
			files = (
			);
			inputPaths = (
				"${PODS_PODFILE_DIR_PATH}/Podfile.lock",
				"${PODS_ROOT}/Manifest.lock",
			);
			name = "[CP] Check Pods Manifest.lock";
			outputPaths = (
				"$(DERIVED_FILE_DIR)/Pods-SwyftApp-checkManifestLockResult.txt",
			);
			runOnlyForDeploymentPostprocessing = 0;
			shellPath = /bin/sh;
			shellScript = "diff \"${PODS_PODFILE_DIR_PATH}/Podfile.lock\" \"${PODS_ROOT}/Manifest.lock\" > /dev/null\nif [ $? != 0 ] ; then\n    # print error to STDERR\n    echo \"error: The sandbox is not in sync with the Podfile.lock. Run 'pod install' or update your CocoaPods installation.\" >&2\n    exit 1\nfi\n# This output is used by Xcode 'outputs' to avoid re-running this script phase.\necho \"SUCCESS\" > \"${SCRIPT_OUTPUT_FILE_0}\"\n";
			showEnvVarsInLog = 0;
		};
		3B7A21A381486951E14A5840 /* [CP] Embed Pods Frameworks */ = {
			isa = PBXShellScriptBuildPhase;
			buildActionMask = 2147483647;
			files = (
			);
			inputPaths = (
				"${SRCROOT}/Pods/Target Support Files/Pods-SwyftApp/Pods-SwyftApp-frameworks.sh",
				"${BUILT_PRODUCTS_DIR}/BoringSSL/openssl.framework",
				"${BUILT_PRODUCTS_DIR}/GTMSessionFetcher/GTMSessionFetcher.framework",
				"${BUILT_PRODUCTS_DIR}/GoogleToolboxForMac/GoogleToolboxForMac.framework",
				"${BUILT_PRODUCTS_DIR}/GoogleUtilities/GoogleUtilities.framework",
				"${BUILT_PRODUCTS_DIR}/JVFloatLabeledTextField/JVFloatLabeledTextField.framework",
				"${BUILT_PRODUCTS_DIR}/MBProgressHUD/MBProgressHUD.framework",
				"${BUILT_PRODUCTS_DIR}/Protobuf/Protobuf.framework",
				"${BUILT_PRODUCTS_DIR}/gRPC-C++/grpcpp.framework",
				"${BUILT_PRODUCTS_DIR}/gRPC-Core/grpc.framework",
				"${BUILT_PRODUCTS_DIR}/leveldb-library/leveldb.framework",
				"${BUILT_PRODUCTS_DIR}/nanopb/nanopb.framework",
			);
			name = "[CP] Embed Pods Frameworks";
			outputPaths = (
				"${TARGET_BUILD_DIR}/${FRAMEWORKS_FOLDER_PATH}/openssl.framework",
				"${TARGET_BUILD_DIR}/${FRAMEWORKS_FOLDER_PATH}/GTMSessionFetcher.framework",
				"${TARGET_BUILD_DIR}/${FRAMEWORKS_FOLDER_PATH}/GoogleToolboxForMac.framework",
				"${TARGET_BUILD_DIR}/${FRAMEWORKS_FOLDER_PATH}/GoogleUtilities.framework",
				"${TARGET_BUILD_DIR}/${FRAMEWORKS_FOLDER_PATH}/JVFloatLabeledTextField.framework",
				"${TARGET_BUILD_DIR}/${FRAMEWORKS_FOLDER_PATH}/MBProgressHUD.framework",
				"${TARGET_BUILD_DIR}/${FRAMEWORKS_FOLDER_PATH}/Protobuf.framework",
				"${TARGET_BUILD_DIR}/${FRAMEWORKS_FOLDER_PATH}/grpcpp.framework",
				"${TARGET_BUILD_DIR}/${FRAMEWORKS_FOLDER_PATH}/grpc.framework",
				"${TARGET_BUILD_DIR}/${FRAMEWORKS_FOLDER_PATH}/leveldb.framework",
				"${TARGET_BUILD_DIR}/${FRAMEWORKS_FOLDER_PATH}/nanopb.framework",
			);
			runOnlyForDeploymentPostprocessing = 0;
			shellPath = /bin/sh;
			shellScript = "\"${SRCROOT}/Pods/Target Support Files/Pods-SwyftApp/Pods-SwyftApp-frameworks.sh\"\n";
			showEnvVarsInLog = 0;
		};
		4708052051F2F3325D940904 /* [CP] Copy Pods Resources */ = {
			isa = PBXShellScriptBuildPhase;
			buildActionMask = 2147483647;
			files = (
			);
			inputPaths = (
				"${SRCROOT}/Pods/Target Support Files/Pods-SwyftApp/Pods-SwyftApp-resources.sh",
				"${PODS_CONFIGURATION_BUILD_DIR}/FirebaseFirestore/gRPCCertificates-Firestore.bundle",
				"${PODS_CONFIGURATION_BUILD_DIR}/FirebaseUI/FirebaseAuthUI.bundle",
				"${PODS_CONFIGURATION_BUILD_DIR}/FirebaseUI/FirebaseGoogleAuthUI.bundle",
				"${PODS_ROOT}/GoogleSignIn/Resources/GoogleSignIn.bundle",
			);
			name = "[CP] Copy Pods Resources";
			outputPaths = (
				"${TARGET_BUILD_DIR}/${UNLOCALIZED_RESOURCES_FOLDER_PATH}/gRPCCertificates-Firestore.bundle",
				"${TARGET_BUILD_DIR}/${UNLOCALIZED_RESOURCES_FOLDER_PATH}/FirebaseAuthUI.bundle",
				"${TARGET_BUILD_DIR}/${UNLOCALIZED_RESOURCES_FOLDER_PATH}/FirebaseGoogleAuthUI.bundle",
				"${TARGET_BUILD_DIR}/${UNLOCALIZED_RESOURCES_FOLDER_PATH}/GoogleSignIn.bundle",
			);
			runOnlyForDeploymentPostprocessing = 0;
			shellPath = /bin/sh;
			shellScript = "\"${SRCROOT}/Pods/Target Support Files/Pods-SwyftApp/Pods-SwyftApp-resources.sh\"\n";
			showEnvVarsInLog = 0;
		};
		D3B1939B28A52C172A506411 /* [CP] Check Pods Manifest.lock */ = {
			isa = PBXShellScriptBuildPhase;
			buildActionMask = 2147483647;
			files = (
			);
			inputPaths = (
				"${PODS_PODFILE_DIR_PATH}/Podfile.lock",
				"${PODS_ROOT}/Manifest.lock",
			);
			name = "[CP] Check Pods Manifest.lock";
			outputPaths = (
				"$(DERIVED_FILE_DIR)/Pods-SwyftAppUITests-checkManifestLockResult.txt",
			);
			runOnlyForDeploymentPostprocessing = 0;
			shellPath = /bin/sh;
			shellScript = "diff \"${PODS_PODFILE_DIR_PATH}/Podfile.lock\" \"${PODS_ROOT}/Manifest.lock\" > /dev/null\nif [ $? != 0 ] ; then\n    # print error to STDERR\n    echo \"error: The sandbox is not in sync with the Podfile.lock. Run 'pod install' or update your CocoaPods installation.\" >&2\n    exit 1\nfi\n# This output is used by Xcode 'outputs' to avoid re-running this script phase.\necho \"SUCCESS\" > \"${SCRIPT_OUTPUT_FILE_0}\"\n";
			showEnvVarsInLog = 0;
		};
		DC37A6CBE848AA80CC3DEC2D /* [CP] Check Pods Manifest.lock */ = {
			isa = PBXShellScriptBuildPhase;
			buildActionMask = 2147483647;
			files = (
			);
			inputPaths = (
				"${PODS_PODFILE_DIR_PATH}/Podfile.lock",
				"${PODS_ROOT}/Manifest.lock",
			);
			name = "[CP] Check Pods Manifest.lock";
			outputPaths = (
				"$(DERIVED_FILE_DIR)/Pods-SwyftAppTests-checkManifestLockResult.txt",
			);
			runOnlyForDeploymentPostprocessing = 0;
			shellPath = /bin/sh;
			shellScript = "diff \"${PODS_PODFILE_DIR_PATH}/Podfile.lock\" \"${PODS_ROOT}/Manifest.lock\" > /dev/null\nif [ $? != 0 ] ; then\n    # print error to STDERR\n    echo \"error: The sandbox is not in sync with the Podfile.lock. Run 'pod install' or update your CocoaPods installation.\" >&2\n    exit 1\nfi\n# This output is used by Xcode 'outputs' to avoid re-running this script phase.\necho \"SUCCESS\" > \"${SCRIPT_OUTPUT_FILE_0}\"\n";
			showEnvVarsInLog = 0;
		};
/* End PBXShellScriptBuildPhase section */

/* Begin PBXSourcesBuildPhase section */
		D0B6C41F2280A2980044F7CA /* Sources */ = {
			isa = PBXSourcesBuildPhase;
			buildActionMask = 2147483647;
			files = (
				D0CD347E2293142700585879 /* SignUpPresenter.swift in Sources */,
				D001886822821087007BE1A6 /* Utils.swift in Sources */,
				D02C0F1C229481DC00856279 /* PasswordTextField.swift in Sources */,
				D0B6C4292280A2980044F7CA /* SignInVC.swift in Sources */,
				D02C0F1E229481E200856279 /* ShowPasswordView.swift in Sources */,
				D01FC48D22835D4B00CCE886 /* AddPhoneNumberVC.swift in Sources */,
				D0CD34812293143B00585879 /* AddPhoneNumberPresenter.swift in Sources */,
				D096798B2280E45800437952 /* UpdateCustomer.swift in Sources */,
				D0B6C4272280A2980044F7CA /* AppDelegate.swift in Sources */,
				D052DA77228C8ACA0082C3AE /* BaseVC.swift in Sources */,
				D09679882280D8B400437952 /* CreateCustomer.swift in Sources */,
				D0C73A8F2280B09100D10035 /* GetCustomer.swift in Sources */,
				D06A398B2284A19900DBF639 /* Session.swift in Sources */,
				D052DA7C228DFDB80082C3AE /* BaseViewProtocol.swift in Sources */,
				D052DA7A228DFD690082C3AE /* SignInPresenter.swift in Sources */,
				D09679922281F95800437952 /* Extentions.swift in Sources */,
				D01FC49522838CC400CCE886 /* SendCodeVC.swift in Sources */,
				D052DA7E228DFDD80082C3AE /* BasePresenter.swift in Sources */,
				D001886B22834607007BE1A6 /* SignUpVC.swift in Sources */,
				D09679992281FAA500437952 /* Constants.swift in Sources */,
				D01FC49722839EFC00CCE886 /* MainVC.swift in Sources */,
				D0CD34832293144D00585879 /* SendCodePresenter.swift in Sources */,
			);
			runOnlyForDeploymentPostprocessing = 0;
		};
		D0B6C4332280A29A0044F7CA /* Sources */ = {
			isa = PBXSourcesBuildPhase;
			buildActionMask = 2147483647;
			files = (
				D0B6C43C2280A29A0044F7CA /* customerTests.swift in Sources */,
			);
			runOnlyForDeploymentPostprocessing = 0;
		};
		D0B6C43E2280A29A0044F7CA /* Sources */ = {
			isa = PBXSourcesBuildPhase;
			buildActionMask = 2147483647;
			files = (
				D0B6C4472280A29A0044F7CA /* customerUITests.swift in Sources */,
			);
			runOnlyForDeploymentPostprocessing = 0;
		};
/* End PBXSourcesBuildPhase section */

/* Begin PBXTargetDependency section */
		D0B6C4392280A29A0044F7CA /* PBXTargetDependency */ = {
			isa = PBXTargetDependency;
			target = D0B6C4222280A2980044F7CA /* SwyftApp */;
			targetProxy = D0B6C4382280A29A0044F7CA /* PBXContainerItemProxy */;
		};
		D0B6C4442280A29A0044F7CA /* PBXTargetDependency */ = {
			isa = PBXTargetDependency;
			target = D0B6C4222280A2980044F7CA /* SwyftApp */;
			targetProxy = D0B6C4432280A29A0044F7CA /* PBXContainerItemProxy */;
		};
/* End PBXTargetDependency section */

/* Begin PBXVariantGroup section */
		D01FC4932283603400CCE886 /* Localizable.strings */ = {
			isa = PBXVariantGroup;
			children = (
				D01FC4922283603400CCE886 /* en */,
			);
			name = Localizable.strings;
			sourceTree = "<group>";
		};
		D0B6C42A2280A2980044F7CA /* Main.storyboard */ = {
			isa = PBXVariantGroup;
			children = (
				D0B6C42B2280A2980044F7CA /* Base */,
			);
			name = Main.storyboard;
			sourceTree = "<group>";
		};
		D0B6C42F2280A29A0044F7CA /* LaunchScreen.storyboard */ = {
			isa = PBXVariantGroup;
			children = (
				D0B6C4302280A29A0044F7CA /* Base */,
			);
			name = LaunchScreen.storyboard;
			sourceTree = "<group>";
		};
/* End PBXVariantGroup section */

/* Begin XCBuildConfiguration section */
		D0B6C4492280A29A0044F7CA /* Debug */ = {
			isa = XCBuildConfiguration;
			buildSettings = {
				ALWAYS_SEARCH_USER_PATHS = NO;
				CLANG_ANALYZER_NONNULL = YES;
				CLANG_ANALYZER_NUMBER_OBJECT_CONVERSION = YES_AGGRESSIVE;
				CLANG_CXX_LANGUAGE_STANDARD = "gnu++14";
				CLANG_CXX_LIBRARY = "libc++";
				CLANG_ENABLE_MODULES = YES;
				CLANG_ENABLE_OBJC_ARC = YES;
				CLANG_ENABLE_OBJC_WEAK = YES;
				CLANG_WARN_BLOCK_CAPTURE_AUTORELEASING = YES;
				CLANG_WARN_BOOL_CONVERSION = YES;
				CLANG_WARN_COMMA = YES;
				CLANG_WARN_CONSTANT_CONVERSION = YES;
				CLANG_WARN_DEPRECATED_OBJC_IMPLEMENTATIONS = YES;
				CLANG_WARN_DIRECT_OBJC_ISA_USAGE = YES_ERROR;
				CLANG_WARN_DOCUMENTATION_COMMENTS = YES;
				CLANG_WARN_EMPTY_BODY = YES;
				CLANG_WARN_ENUM_CONVERSION = YES;
				CLANG_WARN_INFINITE_RECURSION = YES;
				CLANG_WARN_INT_CONVERSION = YES;
				CLANG_WARN_NON_LITERAL_NULL_CONVERSION = YES;
				CLANG_WARN_OBJC_IMPLICIT_RETAIN_SELF = YES;
				CLANG_WARN_OBJC_LITERAL_CONVERSION = YES;
				CLANG_WARN_OBJC_ROOT_CLASS = YES_ERROR;
				CLANG_WARN_RANGE_LOOP_ANALYSIS = YES;
				CLANG_WARN_STRICT_PROTOTYPES = YES;
				CLANG_WARN_SUSPICIOUS_MOVE = YES;
				CLANG_WARN_UNGUARDED_AVAILABILITY = YES_AGGRESSIVE;
				CLANG_WARN_UNREACHABLE_CODE = YES;
				CLANG_WARN__DUPLICATE_METHOD_MATCH = YES;
				CODE_SIGN_IDENTITY = "iPhone Developer";
				COPY_PHASE_STRIP = NO;
				DEBUG_INFORMATION_FORMAT = dwarf;
				ENABLE_STRICT_OBJC_MSGSEND = YES;
				ENABLE_TESTABILITY = YES;
				GCC_C_LANGUAGE_STANDARD = gnu11;
				GCC_DYNAMIC_NO_PIC = NO;
				GCC_NO_COMMON_BLOCKS = YES;
				GCC_OPTIMIZATION_LEVEL = 0;
				GCC_PREPROCESSOR_DEFINITIONS = (
					"DEBUG=1",
					"$(inherited)",
				);
				GCC_WARN_64_TO_32_BIT_CONVERSION = YES;
				GCC_WARN_ABOUT_RETURN_TYPE = YES_ERROR;
				GCC_WARN_UNDECLARED_SELECTOR = YES;
				GCC_WARN_UNINITIALIZED_AUTOS = YES_AGGRESSIVE;
				GCC_WARN_UNUSED_FUNCTION = YES;
				GCC_WARN_UNUSED_VARIABLE = YES;
				IPHONEOS_DEPLOYMENT_TARGET = 12.1;
				MTL_ENABLE_DEBUG_INFO = INCLUDE_SOURCE;
				MTL_FAST_MATH = YES;
				ONLY_ACTIVE_ARCH = YES;
				SDKROOT = iphoneos;
				SWIFT_ACTIVE_COMPILATION_CONDITIONS = DEBUG;
				SWIFT_OPTIMIZATION_LEVEL = "-Onone";
			};
			name = Debug;
		};
		D0B6C44A2280A29A0044F7CA /* Release */ = {
			isa = XCBuildConfiguration;
			buildSettings = {
				ALWAYS_SEARCH_USER_PATHS = NO;
				CLANG_ANALYZER_NONNULL = YES;
				CLANG_ANALYZER_NUMBER_OBJECT_CONVERSION = YES_AGGRESSIVE;
				CLANG_CXX_LANGUAGE_STANDARD = "gnu++14";
				CLANG_CXX_LIBRARY = "libc++";
				CLANG_ENABLE_MODULES = YES;
				CLANG_ENABLE_OBJC_ARC = YES;
				CLANG_ENABLE_OBJC_WEAK = YES;
				CLANG_WARN_BLOCK_CAPTURE_AUTORELEASING = YES;
				CLANG_WARN_BOOL_CONVERSION = YES;
				CLANG_WARN_COMMA = YES;
				CLANG_WARN_CONSTANT_CONVERSION = YES;
				CLANG_WARN_DEPRECATED_OBJC_IMPLEMENTATIONS = YES;
				CLANG_WARN_DIRECT_OBJC_ISA_USAGE = YES_ERROR;
				CLANG_WARN_DOCUMENTATION_COMMENTS = YES;
				CLANG_WARN_EMPTY_BODY = YES;
				CLANG_WARN_ENUM_CONVERSION = YES;
				CLANG_WARN_INFINITE_RECURSION = YES;
				CLANG_WARN_INT_CONVERSION = YES;
				CLANG_WARN_NON_LITERAL_NULL_CONVERSION = YES;
				CLANG_WARN_OBJC_IMPLICIT_RETAIN_SELF = YES;
				CLANG_WARN_OBJC_LITERAL_CONVERSION = YES;
				CLANG_WARN_OBJC_ROOT_CLASS = YES_ERROR;
				CLANG_WARN_RANGE_LOOP_ANALYSIS = YES;
				CLANG_WARN_STRICT_PROTOTYPES = YES;
				CLANG_WARN_SUSPICIOUS_MOVE = YES;
				CLANG_WARN_UNGUARDED_AVAILABILITY = YES_AGGRESSIVE;
				CLANG_WARN_UNREACHABLE_CODE = YES;
				CLANG_WARN__DUPLICATE_METHOD_MATCH = YES;
				CODE_SIGN_IDENTITY = "iPhone Developer";
				COPY_PHASE_STRIP = NO;
				DEBUG_INFORMATION_FORMAT = "dwarf-with-dsym";
				ENABLE_NS_ASSERTIONS = NO;
				ENABLE_STRICT_OBJC_MSGSEND = YES;
				GCC_C_LANGUAGE_STANDARD = gnu11;
				GCC_NO_COMMON_BLOCKS = YES;
				GCC_WARN_64_TO_32_BIT_CONVERSION = YES;
				GCC_WARN_ABOUT_RETURN_TYPE = YES_ERROR;
				GCC_WARN_UNDECLARED_SELECTOR = YES;
				GCC_WARN_UNINITIALIZED_AUTOS = YES_AGGRESSIVE;
				GCC_WARN_UNUSED_FUNCTION = YES;
				GCC_WARN_UNUSED_VARIABLE = YES;
				IPHONEOS_DEPLOYMENT_TARGET = 12.1;
				MTL_ENABLE_DEBUG_INFO = NO;
				MTL_FAST_MATH = YES;
				SDKROOT = iphoneos;
				SWIFT_COMPILATION_MODE = wholemodule;
				SWIFT_OPTIMIZATION_LEVEL = "-O";
				VALIDATE_PRODUCT = YES;
			};
			name = Release;
		};
		D0B6C44C2280A29A0044F7CA /* Debug */ = {
			isa = XCBuildConfiguration;
			baseConfigurationReference = 7C549802397A2246154BB4ED /* Pods-SwyftApp.debug.xcconfig */;
			buildSettings = {
				ALWAYS_EMBED_SWIFT_STANDARD_LIBRARIES = YES;
				ASSETCATALOG_COMPILER_APPICON_NAME = AppIcon;
				CODE_SIGN_STYLE = Automatic;
				INFOPLIST_FILE = "$(SRCROOT)/SwyftApp/Info.plist";
				LD_RUNPATH_SEARCH_PATHS = (
					"$(inherited)",
					"@executable_path/Frameworks",
				);
				PRODUCT_BUNDLE_IDENTIFIER = com.swyft.SwyftApp;
				PRODUCT_NAME = "$(TARGET_NAME)";
				SWIFT_VERSION = 4.2;
				TARGETED_DEVICE_FAMILY = 1;
			};
			name = Debug;
		};
		D0B6C44D2280A29A0044F7CA /* Release */ = {
			isa = XCBuildConfiguration;
			baseConfigurationReference = 3E3BB766BE4E755A5EC63703 /* Pods-SwyftApp.release.xcconfig */;
			buildSettings = {
				ALWAYS_EMBED_SWIFT_STANDARD_LIBRARIES = YES;
				ASSETCATALOG_COMPILER_APPICON_NAME = AppIcon;
				CODE_SIGN_STYLE = Automatic;
				INFOPLIST_FILE = "$(SRCROOT)/SwyftApp/Info.plist";
				LD_RUNPATH_SEARCH_PATHS = (
					"$(inherited)",
					"@executable_path/Frameworks",
				);
				PRODUCT_BUNDLE_IDENTIFIER = com.swyft.SwyftApp;
				PRODUCT_NAME = "$(TARGET_NAME)";
				SWIFT_VERSION = 4.2;
				TARGETED_DEVICE_FAMILY = 1;
			};
			name = Release;
		};
		D0B6C44F2280A29A0044F7CA /* Debug */ = {
			isa = XCBuildConfiguration;
			baseConfigurationReference = 3A5B1894AA1C2F2768A40743 /* Pods-SwyftAppTests.debug.xcconfig */;
			buildSettings = {
				ALWAYS_EMBED_SWIFT_STANDARD_LIBRARIES = YES;
				BUNDLE_LOADER = "$(TEST_HOST)";
				CODE_SIGN_STYLE = Automatic;
				INFOPLIST_FILE = customerTests/Info.plist;
				LD_RUNPATH_SEARCH_PATHS = (
					"$(inherited)",
					"@executable_path/Frameworks",
					"@loader_path/Frameworks",
				);
				PRODUCT_BUNDLE_IDENTIFIER = com.swyft.customerTests;
				PRODUCT_NAME = "$(TARGET_NAME)";
				SWIFT_VERSION = 4.2;
				TARGETED_DEVICE_FAMILY = "1,2";
				TEST_HOST = "$(BUILT_PRODUCTS_DIR)/SwyftApp.app/SwyftApp";
			};
			name = Debug;
		};
		D0B6C4502280A29A0044F7CA /* Release */ = {
			isa = XCBuildConfiguration;
			baseConfigurationReference = 7C2961193516CCBE6AB09B5A /* Pods-SwyftAppTests.release.xcconfig */;
			buildSettings = {
				ALWAYS_EMBED_SWIFT_STANDARD_LIBRARIES = YES;
				BUNDLE_LOADER = "$(TEST_HOST)";
				CODE_SIGN_STYLE = Automatic;
				INFOPLIST_FILE = customerTests/Info.plist;
				LD_RUNPATH_SEARCH_PATHS = (
					"$(inherited)",
					"@executable_path/Frameworks",
					"@loader_path/Frameworks",
				);
				PRODUCT_BUNDLE_IDENTIFIER = com.swyft.customerTests;
				PRODUCT_NAME = "$(TARGET_NAME)";
				SWIFT_VERSION = 4.2;
				TARGETED_DEVICE_FAMILY = "1,2";
				TEST_HOST = "$(BUILT_PRODUCTS_DIR)/SwyftApp.app/SwyftApp";
			};
			name = Release;
		};
		D0B6C4522280A29A0044F7CA /* Debug */ = {
			isa = XCBuildConfiguration;
			baseConfigurationReference = BACD281863814AF1E755DD3B /* Pods-SwyftAppUITests.debug.xcconfig */;
			buildSettings = {
				ALWAYS_EMBED_SWIFT_STANDARD_LIBRARIES = YES;
				CODE_SIGN_STYLE = Automatic;
				INFOPLIST_FILE = customerUITests/Info.plist;
				LD_RUNPATH_SEARCH_PATHS = (
					"$(inherited)",
					"@executable_path/Frameworks",
					"@loader_path/Frameworks",
				);
				PRODUCT_BUNDLE_IDENTIFIER = com.swyft.customerUITests;
				PRODUCT_NAME = "$(TARGET_NAME)";
				SWIFT_VERSION = 4.2;
				TARGETED_DEVICE_FAMILY = "1,2";
				TEST_TARGET_NAME = customer;
			};
			name = Debug;
		};
		D0B6C4532280A29A0044F7CA /* Release */ = {
			isa = XCBuildConfiguration;
			baseConfigurationReference = 1D64DC3D8EAD24C3673B14D9 /* Pods-SwyftAppUITests.release.xcconfig */;
			buildSettings = {
				ALWAYS_EMBED_SWIFT_STANDARD_LIBRARIES = YES;
				CODE_SIGN_STYLE = Automatic;
				INFOPLIST_FILE = customerUITests/Info.plist;
				LD_RUNPATH_SEARCH_PATHS = (
					"$(inherited)",
					"@executable_path/Frameworks",
					"@loader_path/Frameworks",
				);
				PRODUCT_BUNDLE_IDENTIFIER = com.swyft.customerUITests;
				PRODUCT_NAME = "$(TARGET_NAME)";
				SWIFT_VERSION = 4.2;
				TARGETED_DEVICE_FAMILY = "1,2";
				TEST_TARGET_NAME = customer;
			};
			name = Release;
		};
/* End XCBuildConfiguration section */

/* Begin XCConfigurationList section */
		D0B6C41E2280A2980044F7CA /* Build configuration list for PBXProject "SwyftApp" */ = {
			isa = XCConfigurationList;
			buildConfigurations = (
				D0B6C4492280A29A0044F7CA /* Debug */,
				D0B6C44A2280A29A0044F7CA /* Release */,
			);
			defaultConfigurationIsVisible = 0;
			defaultConfigurationName = Release;
		};
		D0B6C44B2280A29A0044F7CA /* Build configuration list for PBXNativeTarget "SwyftApp" */ = {
			isa = XCConfigurationList;
			buildConfigurations = (
				D0B6C44C2280A29A0044F7CA /* Debug */,
				D0B6C44D2280A29A0044F7CA /* Release */,
			);
			defaultConfigurationIsVisible = 0;
			defaultConfigurationName = Release;
		};
		D0B6C44E2280A29A0044F7CA /* Build configuration list for PBXNativeTarget "SwyftAppTests" */ = {
			isa = XCConfigurationList;
			buildConfigurations = (
				D0B6C44F2280A29A0044F7CA /* Debug */,
				D0B6C4502280A29A0044F7CA /* Release */,
			);
			defaultConfigurationIsVisible = 0;
			defaultConfigurationName = Release;
		};
		D0B6C4512280A29A0044F7CA /* Build configuration list for PBXNativeTarget "SwyftAppUITests" */ = {
			isa = XCConfigurationList;
			buildConfigurations = (
				D0B6C4522280A29A0044F7CA /* Debug */,
				D0B6C4532280A29A0044F7CA /* Release */,
			);
			defaultConfigurationIsVisible = 0;
			defaultConfigurationName = Release;
		};
/* End XCConfigurationList section */
	};
	rootObject = D0B6C41B2280A2980044F7CA /* Project object */;
}
