// !$*UTF8*$!
{
	archiveVersion = 1;
	classes = {
	};
	objectVersion = 51;
	objects = {

/* Begin PBXBuildFile section */
		5FE08699CEBF426A424C3C96 /* Pods_SwyftSdk.framework in Frameworks */ = {isa = PBXBuildFile; fileRef = 868BFDACAFB50C90DF227616 /* Pods_SwyftSdk.framework */; };
		B10EE0D6E8A3E2FD6D946092 /* Pods_SwyftSdkTests.framework in Frameworks */ = {isa = PBXBuildFile; fileRef = 570AF5B237BF66049749A57E /* Pods_SwyftSdkTests.framework */; };
		B177C4E422BEBF1B0010756F /* Notifications.swift in Sources */ = {isa = PBXBuildFile; fileRef = B177C4E322BEBF1A0010756F /* Notifications.swift */; };
		CEB6B780BC4F2AB0D3241B7F /* Pods_SwyftSdkTests.framework in Frameworks */ = {isa = PBXBuildFile; fileRef = 39274FC2924BF3112B5BD2C1 /* Pods_SwyftSdkTests.framework */; };
		D049249122C68DE30074A67F /* RemovePaymentInteractor.swift in Sources */ = {isa = PBXBuildFile; fileRef = D049249022C68DE30074A67F /* RemovePaymentInteractor.swift */; };
		D049249322C68EAE0074A67F /* RemovePaymentResponse.swift in Sources */ = {isa = PBXBuildFile; fileRef = D049249222C68EAE0074A67F /* RemovePaymentResponse.swift */; };
		D049249522C6C14D0074A67F /* XmlResponseBase.swift in Sources */ = {isa = PBXBuildFile; fileRef = D049249422C6C14D0074A67F /* XmlResponseBase.swift */; };
		D049249722C6CBC90074A67F /* DefaultPaymentInteractor.swift in Sources */ = {isa = PBXBuildFile; fileRef = D049249622C6CBC90074A67F /* DefaultPaymentInteractor.swift */; };
		D052DA83228E16B00082C3AE /* ProgressHud.swift in Sources */ = {isa = PBXBuildFile; fileRef = D052DA82228E16B00082C3AE /* ProgressHud.swift */; };
		D052DA88228E1B0A0082C3AE /* PopUpManager.swift in Sources */ = {isa = PBXBuildFile; fileRef = D052DA87228E1B0A0082C3AE /* PopUpManager.swift */; };
		D06A397D22849A1800DBF639 /* Configure.swift in Sources */ = {isa = PBXBuildFile; fileRef = D06A397C22849A1800DBF639 /* Configure.swift */; };
		D06A397F22849F6B00DBF639 /* SwyftSession.swift in Sources */ = {isa = PBXBuildFile; fileRef = D06A397E22849F6B00DBF639 /* SwyftSession.swift */; };
		D06A398422849FE900DBF639 /* SwyftConstants.swift in Sources */ = {isa = PBXBuildFile; fileRef = D06A398322849FE900DBF639 /* SwyftConstants.swift */; };
		D06A39882284A12F00DBF639 /* Extentions.swift in Sources */ = {isa = PBXBuildFile; fileRef = D06A39872284A12F00DBF639 /* Extentions.swift */; };
		D08A3F3E22BD458E00D264D2 /* Notifications.swift in Sources */ = {isa = PBXBuildFile; fileRef = D08A3F3D22BD458E00D264D2 /* Notifications.swift */; };
		D08A3F4022BD537700D264D2 /* PaymentMethod.swift in Sources */ = {isa = PBXBuildFile; fileRef = D08A3F3F22BD537700D264D2 /* PaymentMethod.swift */; };
		D08A3F4222BD538800D264D2 /* XmlRequestBase.swift in Sources */ = {isa = PBXBuildFile; fileRef = D08A3F4122BD538800D264D2 /* XmlRequestBase.swift */; };
		D08A3F4422BD89D000D264D2 /* AddPaymentInteractor.swift in Sources */ = {isa = PBXBuildFile; fileRef = D08A3F4322BD89D000D264D2 /* AddPaymentInteractor.swift */; };
		D08A3F3822B8314600D264D2 /* Store.swift in Sources */ = {isa = PBXBuildFile; fileRef = D08A3F3722B8314600D264D2 /* Store.swift */; };
		D08A3F3C22B83F7F00D264D2 /* GetStore.swift in Sources */ = {isa = PBXBuildFile; fileRef = D08A3F3B22B83F7F00D264D2 /* GetStore.swift */; };
		D08D7F2222A592D700A6298B /* Order.swift in Sources */ = {isa = PBXBuildFile; fileRef = D08D7F2122A592D700A6298B /* Order.swift */; };
		D08D7F2422A5A17700A6298B /* Product.swift in Sources */ = {isa = PBXBuildFile; fileRef = D08D7F2322A5A17700A6298B /* Product.swift */; };
		D08D7F2622A5C63200A6298B /* GetOrder.swift in Sources */ = {isa = PBXBuildFile; fileRef = D08D7F2522A5C63200A6298B /* GetOrder.swift */; };
		D08D7F2D22AAF5DA00A6298B /* Respository.swift in Sources */ = {isa = PBXBuildFile; fileRef = D08D7F2C22AAF5DA00A6298B /* Respository.swift */; };
		D08D7F2F22AAFDBD00A6298B /* Utils.swift in Sources */ = {isa = PBXBuildFile; fileRef = D08D7F2E22AAFDBD00A6298B /* Utils.swift */; };
		D08D7F3122AB082500A6298B /* SwyftNetworkAdapter.swift in Sources */ = {isa = PBXBuildFile; fileRef = D08D7F3022AB082500A6298B /* SwyftNetworkAdapter.swift */; };
		D08D7F3522AB123600A6298B /* Moya.framework in Frameworks */ = {isa = PBXBuildFile; fileRef = D08D7F3422AB123600A6298B /* Moya.framework */; };
		D096797B2280D15D00437952 /* GetOrders.swift in Sources */ = {isa = PBXBuildFile; fileRef = D096797A2280D15D00437952 /* GetOrders.swift */; };
		D096797D2280D17300437952 /* GetStores.swift in Sources */ = {isa = PBXBuildFile; fileRef = D096797C2280D17300437952 /* GetStores.swift */; };
		D096797F2280D18C00437952 /* GetPaymentMethods.swift in Sources */ = {isa = PBXBuildFile; fileRef = D096797E2280D18C00437952 /* GetPaymentMethods.swift */; };
		D09679812280D1A300437952 /* GetProduct.swift in Sources */ = {isa = PBXBuildFile; fileRef = D09679802280D1A300437952 /* GetProduct.swift */; };
		D09679842280D1EB00437952 /* UpdateCustomer.swift in Sources */ = {isa = PBXBuildFile; fileRef = D09679832280D1EB00437952 /* UpdateCustomer.swift */; };
		D09679862280D20200437952 /* FireStoreWrite.swift in Sources */ = {isa = PBXBuildFile; fileRef = D09679852280D20200437952 /* FireStoreWrite.swift */; };
		D0997B1D2280AEBC00A82DFB /* SwyftSdk.framework in Frameworks */ = {isa = PBXBuildFile; fileRef = D0997B132280AEBC00A82DFB /* SwyftSdk.framework */; };
		D0997B222280AEBC00A82DFB /* SwyftSDKTests.swift in Sources */ = {isa = PBXBuildFile; fileRef = D0997B212280AEBC00A82DFB /* SwyftSDKTests.swift */; };
		D0997B242280AEBC00A82DFB /* SwyftSdk.h in Headers */ = {isa = PBXBuildFile; fileRef = D0997B162280AEBC00A82DFB /* SwyftSdk.h */; settings = {ATTRIBUTES = (Public, ); }; };
		D0997B422280AF4D00A82DFB /* GetCustomer.swift in Sources */ = {isa = PBXBuildFile; fileRef = D0997B322280AF4C00A82DFB /* GetCustomer.swift */; };
		D0997B432280AF4D00A82DFB /* FireStoreRead.swift in Sources */ = {isa = PBXBuildFile; fileRef = D0997B332280AF4C00A82DFB /* FireStoreRead.swift */; };
		D0997B4A2280AF4D00A82DFB /* Customer.swift in Sources */ = {isa = PBXBuildFile; fileRef = D0997B3C2280AF4C00A82DFB /* Customer.swift */; };
		D09EECAF2280B42D00B90451 /* FireStoreModel.swift in Sources */ = {isa = PBXBuildFile; fileRef = D0997B3B2280AF4C00A82DFB /* FireStoreModel.swift */; };
		D0CD3465228E21B300585879 /* FirebaseCore.framework in Frameworks */ = {isa = PBXBuildFile; fileRef = D0CD3464228E21B300585879 /* FirebaseCore.framework */; };
		D0CD3467228E21B300585879 /* FirebaseFirestore.framework in Frameworks */ = {isa = PBXBuildFile; fileRef = D0CD3466228E21B300585879 /* FirebaseFirestore.framework */; };
		D0CD346D228E21B300585879 /* GoogleUtilities.framework in Frameworks */ = {isa = PBXBuildFile; fileRef = D0CD346C228E21B300585879 /* GoogleUtilities.framework */; };
		D0CD346F228E21B300585879 /* grpc.framework in Frameworks */ = {isa = PBXBuildFile; fileRef = D0CD346E228E21B300585879 /* grpc.framework */; };
		D0CD3471228E21B300585879 /* grpcpp.framework in Frameworks */ = {isa = PBXBuildFile; fileRef = D0CD3470228E21B300585879 /* grpcpp.framework */; };
		D0CD3475228E21B300585879 /* leveldb.framework in Frameworks */ = {isa = PBXBuildFile; fileRef = D0CD3474228E21B300585879 /* leveldb.framework */; };
		D0CD3477228E21B300585879 /* MBProgressHUD.framework in Frameworks */ = {isa = PBXBuildFile; fileRef = D0CD3476228E21B300585879 /* MBProgressHUD.framework */; };
		D0CD3479228E21B300585879 /* nanopb.framework in Frameworks */ = {isa = PBXBuildFile; fileRef = D0CD3478228E21B300585879 /* nanopb.framework */; };
		D0CD347B228E21B300585879 /* openssl.framework in Frameworks */ = {isa = PBXBuildFile; fileRef = D0CD347A228E21B300585879 /* openssl.framework */; };
		D0D3228722C2A10600A2AC98 /* PaymentResponse.swift in Sources */ = {isa = PBXBuildFile; fileRef = D0D3228622C2A10600A2AC98 /* PaymentResponse.swift */; };
		D0D3228922C2A2D200A2AC98 /* ErrorResponse.swift in Sources */ = {isa = PBXBuildFile; fileRef = D0D3228822C2A2D200A2AC98 /* ErrorResponse.swift */; };
		D0D3228B22C2A5A200A2AC98 /* SwyftPaymentMethod.swift in Sources */ = {isa = PBXBuildFile; fileRef = D0D3228A22C2A5A200A2AC98 /* SwyftPaymentMethod.swift */; };
		D0D3228D22C684D300A2AC98 /* RemovePaymentMethod.swift in Sources */ = {isa = PBXBuildFile; fileRef = D0D3228C22C684D300A2AC98 /* RemovePaymentMethod.swift */; };
/* End PBXBuildFile section */

/* Begin PBXContainerItemProxy section */
		D0997B1E2280AEBC00A82DFB /* PBXContainerItemProxy */ = {
			isa = PBXContainerItemProxy;
			containerPortal = D0997B0A2280AEBC00A82DFB /* Project object */;
			proxyType = 1;
			remoteGlobalIDString = D0997B122280AEBC00A82DFB;
			remoteInfo = SwyftSdk;
		};
/* End PBXContainerItemProxy section */

/* Begin PBXFileReference section */
		39274FC2924BF3112B5BD2C1 /* Pods_SwyftSdkTests.framework */ = {isa = PBXFileReference; explicitFileType = wrapper.framework; includeInIndex = 0; path = Pods_SwyftSdkTests.framework; sourceTree = BUILT_PRODUCTS_DIR; };
		570AF5B237BF66049749A57E /* Pods_SwyftSdkTests.framework */ = {isa = PBXFileReference; explicitFileType = wrapper.framework; includeInIndex = 0; path = Pods_SwyftSdkTests.framework; sourceTree = BUILT_PRODUCTS_DIR; };
		6638802410FFE435453DFD2C /* Pods-SwyftSdkTests.release.xcconfig */ = {isa = PBXFileReference; includeInIndex = 1; lastKnownFileType = text.xcconfig; name = "Pods-SwyftSdkTests.release.xcconfig"; path = "Pods/Target Support Files/Pods-SwyftSdkTests/Pods-SwyftSdkTests.release.xcconfig"; sourceTree = "<group>"; };
		80B062963F20B808F2AA587B /* Pods-SwyftSdkTests.debug.xcconfig */ = {isa = PBXFileReference; includeInIndex = 1; lastKnownFileType = text.xcconfig; name = "Pods-SwyftSdkTests.debug.xcconfig"; path = "Pods/Target Support Files/Pods-SwyftSdkTests/Pods-SwyftSdkTests.debug.xcconfig"; sourceTree = "<group>"; };
		868BFDACAFB50C90DF227616 /* Pods_SwyftSdk.framework */ = {isa = PBXFileReference; explicitFileType = wrapper.framework; includeInIndex = 0; path = Pods_SwyftSdk.framework; sourceTree = BUILT_PRODUCTS_DIR; };
		88DB4010AA83575ED758B0CD /* Pods-SwyftSdk.debug.xcconfig */ = {isa = PBXFileReference; includeInIndex = 1; lastKnownFileType = text.xcconfig; name = "Pods-SwyftSdk.debug.xcconfig"; path = "Pods/Target Support Files/Pods-SwyftSdk/Pods-SwyftSdk.debug.xcconfig"; sourceTree = "<group>"; };
		B177C4E322BEBF1A0010756F /* Notifications.swift */ = {isa = PBXFileReference; fileEncoding = 4; lastKnownFileType = sourcecode.swift; path = Notifications.swift; sourceTree = "<group>"; };
		CBD541C0DB7602FF109E3644 /* Pods_SwyftSdk.framework */ = {isa = PBXFileReference; explicitFileType = wrapper.framework; includeInIndex = 0; path = Pods_SwyftSdk.framework; sourceTree = BUILT_PRODUCTS_DIR; };
		D02C0F142294803E00856279 /* JVFloatLabeledTextField.framework */ = {isa = PBXFileReference; explicitFileType = wrapper.framework; path = JVFloatLabeledTextField.framework; sourceTree = BUILT_PRODUCTS_DIR; };
		D049249022C68DE30074A67F /* RemovePaymentInteractor.swift */ = {isa = PBXFileReference; lastKnownFileType = sourcecode.swift; name = RemovePaymentInteractor.swift; path = SwyftSdk/Network/Requests/RemovePaymentInteractor.swift; sourceTree = SOURCE_ROOT; };
		D049249222C68EAE0074A67F /* RemovePaymentResponse.swift */ = {isa = PBXFileReference; lastKnownFileType = sourcecode.swift; path = RemovePaymentResponse.swift; sourceTree = "<group>"; };
		D049249422C6C14D0074A67F /* XmlResponseBase.swift */ = {isa = PBXFileReference; lastKnownFileType = sourcecode.swift; path = XmlResponseBase.swift; sourceTree = "<group>"; };
		D049249622C6CBC90074A67F /* DefaultPaymentInteractor.swift */ = {isa = PBXFileReference; lastKnownFileType = sourcecode.swift; name = DefaultPaymentInteractor.swift; path = SwyftSdk/Network/Base/DefaultPaymentInteractor.swift; sourceTree = SOURCE_ROOT; };
		D052DA82228E16B00082C3AE /* ProgressHud.swift */ = {isa = PBXFileReference; lastKnownFileType = sourcecode.swift; path = ProgressHud.swift; sourceTree = "<group>"; };
		D052DA87228E1B0A0082C3AE /* PopUpManager.swift */ = {isa = PBXFileReference; lastKnownFileType = sourcecode.swift; path = PopUpManager.swift; sourceTree = "<group>"; };
		D06A397C22849A1800DBF639 /* Configure.swift */ = {isa = PBXFileReference; fileEncoding = 4; lastKnownFileType = sourcecode.swift; path = Configure.swift; sourceTree = "<group>"; };
		D06A397E22849F6B00DBF639 /* SwyftSession.swift */ = {isa = PBXFileReference; fileEncoding = 4; lastKnownFileType = sourcecode.swift; path = SwyftSession.swift; sourceTree = "<group>"; };
		D06A398122849FAE00DBF639 /* FirebaseAuth.framework */ = {isa = PBXFileReference; explicitFileType = wrapper.framework; path = FirebaseAuth.framework; sourceTree = BUILT_PRODUCTS_DIR; };
		D06A398322849FE900DBF639 /* SwyftConstants.swift */ = {isa = PBXFileReference; fileEncoding = 4; lastKnownFileType = sourcecode.swift; path = SwyftConstants.swift; sourceTree = "<group>"; };
		D06A39872284A12F00DBF639 /* Extentions.swift */ = {isa = PBXFileReference; fileEncoding = 4; lastKnownFileType = sourcecode.swift; path = Extentions.swift; sourceTree = "<group>"; };
		D08A3F3D22BD458E00D264D2 /* Notifications.swift */ = {isa = PBXFileReference; lastKnownFileType = sourcecode.swift; path = Notifications.swift; sourceTree = "<group>"; };
		D08A3F3F22BD537700D264D2 /* PaymentMethod.swift */ = {isa = PBXFileReference; lastKnownFileType = sourcecode.swift; path = PaymentMethod.swift; sourceTree = "<group>"; };
		D08A3F4122BD538800D264D2 /* XmlRequestBase.swift */ = {isa = PBXFileReference; lastKnownFileType = sourcecode.swift; path = XmlRequestBase.swift; sourceTree = "<group>"; };
		D08A3F4322BD89D000D264D2 /* AddPaymentInteractor.swift */ = {isa = PBXFileReference; lastKnownFileType = sourcecode.swift; name = AddPaymentInteractor.swift; path = SwyftSdk/Model/base/AddPaymentInteractor.swift; sourceTree = SOURCE_ROOT; };
		D08A3F3722B8314600D264D2 /* Store.swift */ = {isa = PBXFileReference; lastKnownFileType = sourcecode.swift; path = Store.swift; sourceTree = "<group>"; };
		D08A3F3B22B83F7F00D264D2 /* GetStore.swift */ = {isa = PBXFileReference; lastKnownFileType = sourcecode.swift; path = GetStore.swift; sourceTree = "<group>"; };
		D08D7F2122A592D700A6298B /* Order.swift */ = {isa = PBXFileReference; lastKnownFileType = sourcecode.swift; path = Order.swift; sourceTree = "<group>"; };
		D08D7F2322A5A17700A6298B /* Product.swift */ = {isa = PBXFileReference; lastKnownFileType = sourcecode.swift; path = Product.swift; sourceTree = "<group>"; };
		D08D7F2522A5C63200A6298B /* GetOrder.swift */ = {isa = PBXFileReference; lastKnownFileType = sourcecode.swift; path = GetOrder.swift; sourceTree = "<group>"; };
		D08D7F2C22AAF5DA00A6298B /* Respository.swift */ = {isa = PBXFileReference; lastKnownFileType = sourcecode.swift; path = Respository.swift; sourceTree = "<group>"; };
		D08D7F2E22AAFDBD00A6298B /* Utils.swift */ = {isa = PBXFileReference; lastKnownFileType = sourcecode.swift; path = Utils.swift; sourceTree = "<group>"; };
		D08D7F3022AB082500A6298B /* SwyftNetworkAdapter.swift */ = {isa = PBXFileReference; lastKnownFileType = sourcecode.swift; path = SwyftNetworkAdapter.swift; sourceTree = "<group>"; };
		D08D7F3422AB123600A6298B /* Moya.framework */ = {isa = PBXFileReference; explicitFileType = wrapper.framework; path = Moya.framework; sourceTree = BUILT_PRODUCTS_DIR; };
		D096797A2280D15D00437952 /* GetOrders.swift */ = {isa = PBXFileReference; lastKnownFileType = sourcecode.swift; path = GetOrders.swift; sourceTree = "<group>"; };
		D096797C2280D17300437952 /* GetStores.swift */ = {isa = PBXFileReference; lastKnownFileType = sourcecode.swift; path = GetStores.swift; sourceTree = "<group>"; };
		D096797E2280D18C00437952 /* GetPaymentMethods.swift */ = {isa = PBXFileReference; lastKnownFileType = sourcecode.swift; path = GetPaymentMethods.swift; sourceTree = "<group>"; };
		D09679802280D1A300437952 /* GetProduct.swift */ = {isa = PBXFileReference; lastKnownFileType = sourcecode.swift; path = GetProduct.swift; sourceTree = "<group>"; };
		D09679832280D1EB00437952 /* UpdateCustomer.swift */ = {isa = PBXFileReference; lastKnownFileType = sourcecode.swift; path = UpdateCustomer.swift; sourceTree = "<group>"; };
		D09679852280D20200437952 /* FireStoreWrite.swift */ = {isa = PBXFileReference; lastKnownFileType = sourcecode.swift; path = FireStoreWrite.swift; sourceTree = "<group>"; };
		D0997B132280AEBC00A82DFB /* SwyftSdk.framework */ = {isa = PBXFileReference; explicitFileType = wrapper.framework; includeInIndex = 0; path = SwyftSdk.framework; sourceTree = BUILT_PRODUCTS_DIR; };
		D0997B162280AEBC00A82DFB /* SwyftSdk.h */ = {isa = PBXFileReference; lastKnownFileType = sourcecode.c.h; path = SwyftSdk.h; sourceTree = "<group>"; };
		D0997B172280AEBC00A82DFB /* Info.plist */ = {isa = PBXFileReference; lastKnownFileType = text.plist.xml; path = Info.plist; sourceTree = "<group>"; };
		D0997B1C2280AEBC00A82DFB /* SwyftSdkTests.xctest */ = {isa = PBXFileReference; explicitFileType = wrapper.cfbundle; includeInIndex = 0; path = SwyftSdkTests.xctest; sourceTree = BUILT_PRODUCTS_DIR; };
		D0997B212280AEBC00A82DFB /* SwyftSDKTests.swift */ = {isa = PBXFileReference; lastKnownFileType = sourcecode.swift; path = SwyftSDKTests.swift; sourceTree = "<group>"; };
		D0997B232280AEBC00A82DFB /* Info.plist */ = {isa = PBXFileReference; lastKnownFileType = text.plist.xml; path = Info.plist; sourceTree = "<group>"; };
		D0997B322280AF4C00A82DFB /* GetCustomer.swift */ = {isa = PBXFileReference; fileEncoding = 4; lastKnownFileType = sourcecode.swift; path = GetCustomer.swift; sourceTree = "<group>"; };
		D0997B332280AF4C00A82DFB /* FireStoreRead.swift */ = {isa = PBXFileReference; fileEncoding = 4; lastKnownFileType = sourcecode.swift; path = FireStoreRead.swift; sourceTree = "<group>"; };
		D0997B3B2280AF4C00A82DFB /* FireStoreModel.swift */ = {isa = PBXFileReference; fileEncoding = 4; lastKnownFileType = sourcecode.swift; path = FireStoreModel.swift; sourceTree = "<group>"; };
		D0997B3C2280AF4C00A82DFB /* Customer.swift */ = {isa = PBXFileReference; fileEncoding = 4; lastKnownFileType = sourcecode.swift; path = Customer.swift; sourceTree = "<group>"; };
		D0CD345E228E20AF00585879 /* MBProgressHUD.framework */ = {isa = PBXFileReference; explicitFileType = wrapper.framework; path = MBProgressHUD.framework; sourceTree = BUILT_PRODUCTS_DIR; };
		D0CD3460228E212600585879 /* Pods_customer.framework */ = {isa = PBXFileReference; explicitFileType = wrapper.framework; path = Pods_customer.framework; sourceTree = BUILT_PRODUCTS_DIR; };
		D0CD3462228E21B300585879 /* FirebaseAuth.framework */ = {isa = PBXFileReference; explicitFileType = wrapper.framework; path = FirebaseAuth.framework; sourceTree = BUILT_PRODUCTS_DIR; };
		D0CD3464228E21B300585879 /* FirebaseCore.framework */ = {isa = PBXFileReference; explicitFileType = wrapper.framework; path = FirebaseCore.framework; sourceTree = BUILT_PRODUCTS_DIR; };
		D0CD3466228E21B300585879 /* FirebaseFirestore.framework */ = {isa = PBXFileReference; explicitFileType = wrapper.framework; path = FirebaseFirestore.framework; sourceTree = BUILT_PRODUCTS_DIR; };
		D0CD3468228E21B300585879 /* FirebaseUI.framework */ = {isa = PBXFileReference; explicitFileType = wrapper.framework; path = FirebaseUI.framework; sourceTree = BUILT_PRODUCTS_DIR; };
		D0CD346A228E21B300585879 /* GoogleToolboxForMac.framework */ = {isa = PBXFileReference; explicitFileType = wrapper.framework; path = GoogleToolboxForMac.framework; sourceTree = BUILT_PRODUCTS_DIR; };
		D0CD346C228E21B300585879 /* GoogleUtilities.framework */ = {isa = PBXFileReference; explicitFileType = wrapper.framework; path = GoogleUtilities.framework; sourceTree = BUILT_PRODUCTS_DIR; };
		D0CD346E228E21B300585879 /* grpc.framework */ = {isa = PBXFileReference; explicitFileType = wrapper.framework; path = grpc.framework; sourceTree = BUILT_PRODUCTS_DIR; };
		D0CD3470228E21B300585879 /* grpcpp.framework */ = {isa = PBXFileReference; explicitFileType = wrapper.framework; path = grpcpp.framework; sourceTree = BUILT_PRODUCTS_DIR; };
		D0CD3472228E21B300585879 /* GTMSessionFetcher.framework */ = {isa = PBXFileReference; explicitFileType = wrapper.framework; path = GTMSessionFetcher.framework; sourceTree = BUILT_PRODUCTS_DIR; };
		D0CD3474228E21B300585879 /* leveldb.framework */ = {isa = PBXFileReference; explicitFileType = wrapper.framework; path = leveldb.framework; sourceTree = BUILT_PRODUCTS_DIR; };
		D0CD3476228E21B300585879 /* MBProgressHUD.framework */ = {isa = PBXFileReference; explicitFileType = wrapper.framework; path = MBProgressHUD.framework; sourceTree = BUILT_PRODUCTS_DIR; };
		D0CD3478228E21B300585879 /* nanopb.framework */ = {isa = PBXFileReference; explicitFileType = wrapper.framework; path = nanopb.framework; sourceTree = BUILT_PRODUCTS_DIR; };
		D0CD347A228E21B300585879 /* openssl.framework */ = {isa = PBXFileReference; explicitFileType = wrapper.framework; path = openssl.framework; sourceTree = BUILT_PRODUCTS_DIR; };
		D0D047662280B615001909EF /* Pods_customer.framework */ = {isa = PBXFileReference; explicitFileType = wrapper.framework; path = Pods_customer.framework; sourceTree = BUILT_PRODUCTS_DIR; };
		D0D047682280B95A001909EF /* FirebaseCore.framework */ = {isa = PBXFileReference; explicitFileType = wrapper.framework; path = FirebaseCore.framework; sourceTree = BUILT_PRODUCTS_DIR; };
		D0D0476A2280B95A001909EF /* FirebaseFirestore.framework */ = {isa = PBXFileReference; explicitFileType = wrapper.framework; path = FirebaseFirestore.framework; sourceTree = BUILT_PRODUCTS_DIR; };
		D0D0476C2280BB28001909EF /* Pods_customer.framework */ = {isa = PBXFileReference; explicitFileType = wrapper.framework; path = Pods_customer.framework; sourceTree = BUILT_PRODUCTS_DIR; };
		D0D0476E2280BB57001909EF /* FirebaseCore.framework */ = {isa = PBXFileReference; explicitFileType = wrapper.framework; path = FirebaseCore.framework; sourceTree = BUILT_PRODUCTS_DIR; };
		D0D047702280BB57001909EF /* FirebaseFirestore.framework */ = {isa = PBXFileReference; explicitFileType = wrapper.framework; path = FirebaseFirestore.framework; sourceTree = BUILT_PRODUCTS_DIR; };
		D0D047722280BBC3001909EF /* FirebaseCore.framework */ = {isa = PBXFileReference; explicitFileType = wrapper.framework; path = FirebaseCore.framework; sourceTree = BUILT_PRODUCTS_DIR; };
		D0D047742280BBC3001909EF /* FirebaseFirestore.framework */ = {isa = PBXFileReference; explicitFileType = wrapper.framework; path = FirebaseFirestore.framework; sourceTree = BUILT_PRODUCTS_DIR; };
		D0D047762280BBC3001909EF /* GoogleUtilities.framework */ = {isa = PBXFileReference; explicitFileType = wrapper.framework; path = GoogleUtilities.framework; sourceTree = BUILT_PRODUCTS_DIR; };
		D0D047782280BBC3001909EF /* grpc.framework */ = {isa = PBXFileReference; explicitFileType = wrapper.framework; path = grpc.framework; sourceTree = BUILT_PRODUCTS_DIR; };
		D0D0477A2280BBC3001909EF /* grpcpp.framework */ = {isa = PBXFileReference; explicitFileType = wrapper.framework; path = grpcpp.framework; sourceTree = BUILT_PRODUCTS_DIR; };
		D0D0477C2280BBC3001909EF /* leveldb.framework */ = {isa = PBXFileReference; explicitFileType = wrapper.framework; path = leveldb.framework; sourceTree = BUILT_PRODUCTS_DIR; };
		D0D0477E2280BBC3001909EF /* nanopb.framework */ = {isa = PBXFileReference; explicitFileType = wrapper.framework; path = nanopb.framework; sourceTree = BUILT_PRODUCTS_DIR; };
		D0D047802280BBC3001909EF /* openssl.framework */ = {isa = PBXFileReference; explicitFileType = wrapper.framework; path = openssl.framework; sourceTree = BUILT_PRODUCTS_DIR; };
		D0D047822280BBC3001909EF /* Protobuf.framework */ = {isa = PBXFileReference; explicitFileType = wrapper.framework; path = Protobuf.framework; sourceTree = BUILT_PRODUCTS_DIR; };
		D0D3228622C2A10600A2AC98 /* PaymentResponse.swift */ = {isa = PBXFileReference; lastKnownFileType = sourcecode.swift; path = PaymentResponse.swift; sourceTree = "<group>"; };
		D0D3228822C2A2D200A2AC98 /* ErrorResponse.swift */ = {isa = PBXFileReference; lastKnownFileType = sourcecode.swift; path = ErrorResponse.swift; sourceTree = "<group>"; };
		D0D3228A22C2A5A200A2AC98 /* SwyftPaymentMethod.swift */ = {isa = PBXFileReference; lastKnownFileType = sourcecode.swift; path = SwyftPaymentMethod.swift; sourceTree = "<group>"; };
		D0D3228C22C684D300A2AC98 /* RemovePaymentMethod.swift */ = {isa = PBXFileReference; lastKnownFileType = sourcecode.swift; path = RemovePaymentMethod.swift; sourceTree = "<group>"; };
		E83E1F4F39A8D38E55C50D33 /* Pods-SwyftSdk.release.xcconfig */ = {isa = PBXFileReference; includeInIndex = 1; lastKnownFileType = text.xcconfig; name = "Pods-SwyftSdk.release.xcconfig"; path = "Pods/Target Support Files/Pods-SwyftSdk/Pods-SwyftSdk.release.xcconfig"; sourceTree = "<group>"; };
/* End PBXFileReference section */

/* Begin PBXFrameworksBuildPhase section */
		D0997B102280AEBC00A82DFB /* Frameworks */ = {
			isa = PBXFrameworksBuildPhase;
			buildActionMask = 2147483647;
			files = (
				D08D7F3522AB123600A6298B /* Moya.framework in Frameworks */,
				D0CD3465228E21B300585879 /* FirebaseCore.framework in Frameworks */,
				D0CD3467228E21B300585879 /* FirebaseFirestore.framework in Frameworks */,
				D0CD346D228E21B300585879 /* GoogleUtilities.framework in Frameworks */,
				D0CD346F228E21B300585879 /* grpc.framework in Frameworks */,
				D0CD3471228E21B300585879 /* grpcpp.framework in Frameworks */,
				D0CD3475228E21B300585879 /* leveldb.framework in Frameworks */,
				D0CD3477228E21B300585879 /* MBProgressHUD.framework in Frameworks */,
				D0CD3479228E21B300585879 /* nanopb.framework in Frameworks */,
				D0CD347B228E21B300585879 /* openssl.framework in Frameworks */,
				5FE08699CEBF426A424C3C96 /* Pods_SwyftSdk.framework in Frameworks */,
			);
			runOnlyForDeploymentPostprocessing = 0;
		};
		D0997B192280AEBC00A82DFB /* Frameworks */ = {
			isa = PBXFrameworksBuildPhase;
			buildActionMask = 2147483647;
			files = (
				D0997B1D2280AEBC00A82DFB /* SwyftSdk.framework in Frameworks */,
				CEB6B780BC4F2AB0D3241B7F /* Pods_SwyftSdkTests.framework in Frameworks */,
				B10EE0D6E8A3E2FD6D946092 /* Pods_SwyftSdkTests.framework in Frameworks */,
			);
			runOnlyForDeploymentPostprocessing = 0;
		};
/* End PBXFrameworksBuildPhase section */

/* Begin PBXGroup section */
		7766FE431708555F900EDBC8 /* Frameworks */ = {
			isa = PBXGroup;
			children = (
				D08D7F3422AB123600A6298B /* Moya.framework */,
				D02C0F142294803E00856279 /* JVFloatLabeledTextField.framework */,
				D0CD3462228E21B300585879 /* FirebaseAuth.framework */,
				D0CD3464228E21B300585879 /* FirebaseCore.framework */,
				D0CD3466228E21B300585879 /* FirebaseFirestore.framework */,
				D0CD3468228E21B300585879 /* FirebaseUI.framework */,
				D0CD346A228E21B300585879 /* GoogleToolboxForMac.framework */,
				D0CD346C228E21B300585879 /* GoogleUtilities.framework */,
				D0CD346E228E21B300585879 /* grpc.framework */,
				D0CD3470228E21B300585879 /* grpcpp.framework */,
				D0CD3472228E21B300585879 /* GTMSessionFetcher.framework */,
				D0CD3474228E21B300585879 /* leveldb.framework */,
				D0CD3476228E21B300585879 /* MBProgressHUD.framework */,
				D0CD3478228E21B300585879 /* nanopb.framework */,
				D0CD347A228E21B300585879 /* openssl.framework */,
				D0CD3460228E212600585879 /* Pods_customer.framework */,
				D0CD345E228E20AF00585879 /* MBProgressHUD.framework */,
				D06A398122849FAE00DBF639 /* FirebaseAuth.framework */,
				D0D047722280BBC3001909EF /* FirebaseCore.framework */,
				D0D047742280BBC3001909EF /* FirebaseFirestore.framework */,
				D0D047762280BBC3001909EF /* GoogleUtilities.framework */,
				D0D047782280BBC3001909EF /* grpc.framework */,
				D0D0477A2280BBC3001909EF /* grpcpp.framework */,
				D0D0477C2280BBC3001909EF /* leveldb.framework */,
				D0D0477E2280BBC3001909EF /* nanopb.framework */,
				D0D047802280BBC3001909EF /* openssl.framework */,
				D0D047822280BBC3001909EF /* Protobuf.framework */,
				D0D0476E2280BB57001909EF /* FirebaseCore.framework */,
				D0D047702280BB57001909EF /* FirebaseFirestore.framework */,
				D0D0476C2280BB28001909EF /* Pods_customer.framework */,
				D0D047682280B95A001909EF /* FirebaseCore.framework */,
				D0D0476A2280B95A001909EF /* FirebaseFirestore.framework */,
				D0D047662280B615001909EF /* Pods_customer.framework */,
				868BFDACAFB50C90DF227616 /* Pods_SwyftSdk.framework */,
				39274FC2924BF3112B5BD2C1 /* Pods_SwyftSdkTests.framework */,
				CBD541C0DB7602FF109E3644 /* Pods_SwyftSdk.framework */,
				570AF5B237BF66049749A57E /* Pods_SwyftSdkTests.framework */,
			);
			name = Frameworks;
			sourceTree = "<group>";
		};
		B55F0FCC29D0B4E1B56755F5 /* Pods */ = {
			isa = PBXGroup;
			children = (
				88DB4010AA83575ED758B0CD /* Pods-SwyftSdk.debug.xcconfig */,
				E83E1F4F39A8D38E55C50D33 /* Pods-SwyftSdk.release.xcconfig */,
				80B062963F20B808F2AA587B /* Pods-SwyftSdkTests.debug.xcconfig */,
				6638802410FFE435453DFD2C /* Pods-SwyftSdkTests.release.xcconfig */,
			);
			name = Pods;
			sourceTree = "<group>";
		};
		D052DA81228E16920082C3AE /* UIModules */ = {
			isa = PBXGroup;
			children = (
				D052DA82228E16B00082C3AE /* ProgressHud.swift */,
				D052DA87228E1B0A0082C3AE /* PopUpManager.swift */,
			);
			path = UIModules;
			sourceTree = "<group>";
		};
		D06A39852284A0EE00DBF639 /* Utils */ = {
			isa = PBXGroup;
			children = (
				D06A398322849FE900DBF639 /* SwyftConstants.swift */,
				D06A39872284A12F00DBF639 /* Extentions.swift */,
				D08D7F2E22AAFDBD00A6298B /* Utils.swift */,
			);
			path = Utils;
			sourceTree = "<group>";
		};
		D06A39862284A0FC00DBF639 /* Singletons */ = {
			isa = PBXGroup;
			children = (
				D06A397C22849A1800DBF639 /* Configure.swift */,
			);
			path = Singletons;
			sourceTree = "<group>";
		};
		D0852F2E2284AA3E00841037 /* Data */ = {
			isa = PBXGroup;
			children = (
				D06A397E22849F6B00DBF639 /* SwyftSession.swift */,
			);
			path = Data;
			sourceTree = "<group>";
		};
		D08D7F2722A5C77100A6298B /* base */ = {
			isa = PBXGroup;
			children = (
				D0997B332280AF4C00A82DFB /* FireStoreRead.swift */,
			);
			path = base;
			sourceTree = "<group>";
		};
		D08D7F2822A5C77C00A6298B /* Base */ = {
			isa = PBXGroup;
			children = (
				D09679852280D20200437952 /* FireStoreWrite.swift */,
			);
			path = Base;
			sourceTree = "<group>";
		};
		D08D7F2A22A6F0B700A6298B /* Base */ = {
			isa = PBXGroup;
			children = (
				D0997B3B2280AF4C00A82DFB /* FireStoreModel.swift */,
			);
			path = Base;
			sourceTree = "<group>";
		};
		D09679822280D1AE00437952 /* Write */ = {
			isa = PBXGroup;
			children = (
				D08D7F2822A5C77C00A6298B /* Base */,
				D09679832280D1EB00437952 /* UpdateCustomer.swift */,
			);
			path = Write;
			sourceTree = "<group>";
		};
		D0997B092280AEBC00A82DFB = {
			isa = PBXGroup;
			children = (
				D0997B152280AEBC00A82DFB /* SwyftSdk */,
				D0997B202280AEBC00A82DFB /* SwyftSdkTests */,
				D0997B142280AEBC00A82DFB /* Products */,
				B55F0FCC29D0B4E1B56755F5 /* Pods */,
				7766FE431708555F900EDBC8 /* Frameworks */,
			);
			sourceTree = "<group>";
		};
		D0997B142280AEBC00A82DFB /* Products */ = {
			isa = PBXGroup;
			children = (
				D0997B132280AEBC00A82DFB /* SwyftSdk.framework */,
				D0997B1C2280AEBC00A82DFB /* SwyftSdkTests.xctest */,
			);
			name = Products;
			sourceTree = "<group>";
		};
		D0997B152280AEBC00A82DFB /* SwyftSdk */ = {
			isa = PBXGroup;
			children = (
				D052DA81228E16920082C3AE /* UIModules */,
				D0852F2E2284AA3E00841037 /* Data */,
				D06A39862284A0FC00DBF639 /* Singletons */,
				D06A39852284A0EE00DBF639 /* Utils */,
				D0997B302280AF4C00A82DFB /* Firestore */,
				D0997B3A2280AF4C00A82DFB /* Model */,
				D0997B3F2280AF4D00A82DFB /* Network */,
				D0997B3D2280AF4C00A82DFB /* Payments */,
				D0997B162280AEBC00A82DFB /* SwyftSdk.h */,
				D0997B172280AEBC00A82DFB /* Info.plist */,
			);
			path = SwyftSdk;
			sourceTree = "<group>";
		};
		D0997B202280AEBC00A82DFB /* SwyftSdkTests */ = {
			isa = PBXGroup;
			children = (
				D0997B212280AEBC00A82DFB /* SwyftSDKTests.swift */,
				D0997B232280AEBC00A82DFB /* Info.plist */,
			);
			path = SwyftSdkTests;
			sourceTree = "<group>";
		};
		D0997B302280AF4C00A82DFB /* Firestore */ = {
			isa = PBXGroup;
			children = (
				D09679822280D1AE00437952 /* Write */,
				D0997B312280AF4C00A82DFB /* Read */,
			);
			path = Firestore;
			sourceTree = "<group>";
		};
		D0997B312280AF4C00A82DFB /* Read */ = {
			isa = PBXGroup;
			children = (
				D08D7F2722A5C77100A6298B /* base */,
				D0997B322280AF4C00A82DFB /* GetCustomer.swift */,
				D096797A2280D15D00437952 /* GetOrders.swift */,
				D08D7F2522A5C63200A6298B /* GetOrder.swift */,
				D096797C2280D17300437952 /* GetStores.swift */,
				D096797E2280D18C00437952 /* GetPaymentMethods.swift */,
				D09679802280D1A300437952 /* GetProduct.swift */,
				D08A3F3B22B83F7F00D264D2 /* GetStore.swift */,
			);
			path = Read;
			sourceTree = "<group>";
		};
		D0997B3A2280AF4C00A82DFB /* Model */ = {
			isa = PBXGroup;
			children = (
				D08D7F2A22A6F0B700A6298B /* Base */,
				D0997B3C2280AF4C00A82DFB /* Customer.swift */,
				B177C4E322BEBF1A0010756F /* Notifications.swift */,
				D08D7F2122A592D700A6298B /* Order.swift */,
				D08D7F2322A5A17700A6298B /* Product.swift */,
				D08A3F3D22BD458E00D264D2 /* Notifications.swift */,
				D0D3228A22C2A5A200A2AC98 /* SwyftPaymentMethod.swift */,
				D08A3F3722B8314600D264D2 /* Store.swift */,
			);
			path = Model;
			sourceTree = "<group>";
		};
		D0997B3D2280AF4C00A82DFB /* Payments */ = {
			isa = PBXGroup;
			children = (
				D08A3F4322BD89D000D264D2 /* AddPaymentInteractor.swift */,
				D049249022C68DE30074A67F /* RemovePaymentInteractor.swift */,
				D049249622C6CBC90074A67F /* DefaultPaymentInteractor.swift */,
			);
			path = Payments;
			sourceTree = "<group>";
		};
		D0997B3F2280AF4D00A82DFB /* Network */ = {
			isa = PBXGroup;
			children = (
				D0D3228522C29F0400A2AC98 /* Base */,
				D0D3228422C29EE700A2AC98 /* Responses */,
				D0D3228322C29ED000A2AC98 /* Requests */,
				D08D7F2C22AAF5DA00A6298B /* Respository.swift */,
				D08D7F3022AB082500A6298B /* SwyftNetworkAdapter.swift */,
			);
			path = Network;
			sourceTree = "<group>";
		};
		D0D3228322C29ED000A2AC98 /* Requests */ = {
			isa = PBXGroup;
			children = (
				D08A3F3F22BD537700D264D2 /* PaymentMethod.swift */,
				D0D3228C22C684D300A2AC98 /* RemovePaymentMethod.swift */,
			);
			path = Requests;
			sourceTree = "<group>";
		};
		D0D3228422C29EE700A2AC98 /* Responses */ = {
			isa = PBXGroup;
			children = (
				D0D3228622C2A10600A2AC98 /* PaymentResponse.swift */,
				D0D3228822C2A2D200A2AC98 /* ErrorResponse.swift */,
				D049249222C68EAE0074A67F /* RemovePaymentResponse.swift */,
			);
			path = Responses;
			sourceTree = "<group>";
		};
		D0D3228522C29F0400A2AC98 /* Base */ = {
			isa = PBXGroup;
			children = (
				D08A3F4122BD538800D264D2 /* XmlRequestBase.swift */,
				D049249422C6C14D0074A67F /* XmlResponseBase.swift */,
			);
			path = Base;
			sourceTree = "<group>";
		};
/* End PBXGroup section */

/* Begin PBXHeadersBuildPhase section */
		D0997B0E2280AEBC00A82DFB /* Headers */ = {
			isa = PBXHeadersBuildPhase;
			buildActionMask = 2147483647;
			files = (
				D0997B242280AEBC00A82DFB /* SwyftSdk.h in Headers */,
			);
			runOnlyForDeploymentPostprocessing = 0;
		};
/* End PBXHeadersBuildPhase section */

/* Begin PBXNativeTarget section */
		D0997B122280AEBC00A82DFB /* SwyftSdk */ = {
			isa = PBXNativeTarget;
			buildConfigurationList = D0997B272280AEBC00A82DFB /* Build configuration list for PBXNativeTarget "SwyftSdk" */;
			buildPhases = (
				76EA9146051773FABDE7D79B /* [CP] Check Pods Manifest.lock */,
				D0997B0E2280AEBC00A82DFB /* Headers */,
				D0997B0F2280AEBC00A82DFB /* Sources */,
				D0997B102280AEBC00A82DFB /* Frameworks */,
				D0997B112280AEBC00A82DFB /* Resources */,
				2E31C6D9F46F01B15E2B1228 /* [CP] Copy Pods Resources */,
			);
			buildRules = (
			);
			dependencies = (
			);
			name = SwyftSdk;
			productName = SwyftSdk;
			productReference = D0997B132280AEBC00A82DFB /* SwyftSdk.framework */;
			productType = "com.apple.product-type.framework";
		};
		D0997B1B2280AEBC00A82DFB /* SwyftSdkTests */ = {
			isa = PBXNativeTarget;
			buildConfigurationList = D0997B2A2280AEBC00A82DFB /* Build configuration list for PBXNativeTarget "SwyftSdkTests" */;
			buildPhases = (
				5C2CC6544F94D914DDD262CF /* [CP] Check Pods Manifest.lock */,
				D0997B182280AEBC00A82DFB /* Sources */,
				D0997B192280AEBC00A82DFB /* Frameworks */,
				D0997B1A2280AEBC00A82DFB /* Resources */,
			);
			buildRules = (
			);
			dependencies = (
				D0997B1F2280AEBC00A82DFB /* PBXTargetDependency */,
			);
			name = SwyftSdkTests;
			productName = SwyftSdkTests;
			productReference = D0997B1C2280AEBC00A82DFB /* SwyftSdkTests.xctest */;
			productType = "com.apple.product-type.bundle.unit-test";
		};
/* End PBXNativeTarget section */

/* Begin PBXProject section */
		D0997B0A2280AEBC00A82DFB /* Project object */ = {
			isa = PBXProject;
			attributes = {
				LastSwiftUpdateCheck = 1010;
				LastUpgradeCheck = 1010;
				ORGANIZATIONNAME = Swyft;
				TargetAttributes = {
					D0997B122280AEBC00A82DFB = {
						CreatedOnToolsVersion = 10.1;
						LastSwiftMigration = 1010;
					};
					D0997B1B2280AEBC00A82DFB = {
						CreatedOnToolsVersion = 10.1;
					};
				};
			};
			buildConfigurationList = D0997B0D2280AEBC00A82DFB /* Build configuration list for PBXProject "SwyftSdk" */;
			compatibilityVersion = "Xcode 9.3";
			developmentRegion = en;
			hasScannedForEncodings = 0;
			knownRegions = (
				en,
			);
			mainGroup = D0997B092280AEBC00A82DFB;
			productRefGroup = D0997B142280AEBC00A82DFB /* Products */;
			projectDirPath = "";
			projectRoot = "";
			targets = (
				D0997B122280AEBC00A82DFB /* SwyftSdk */,
				D0997B1B2280AEBC00A82DFB /* SwyftSdkTests */,
			);
		};
/* End PBXProject section */

/* Begin PBXResourcesBuildPhase section */
		D0997B112280AEBC00A82DFB /* Resources */ = {
			isa = PBXResourcesBuildPhase;
			buildActionMask = 2147483647;
			files = (
			);
			runOnlyForDeploymentPostprocessing = 0;
		};
		D0997B1A2280AEBC00A82DFB /* Resources */ = {
			isa = PBXResourcesBuildPhase;
			buildActionMask = 2147483647;
			files = (
			);
			runOnlyForDeploymentPostprocessing = 0;
		};
/* End PBXResourcesBuildPhase section */

/* Begin PBXShellScriptBuildPhase section */
		2E31C6D9F46F01B15E2B1228 /* [CP] Copy Pods Resources */ = {
			isa = PBXShellScriptBuildPhase;
			buildActionMask = 2147483647;
			files = (
			);
			inputFileListPaths = (
				"${PODS_ROOT}/Target Support Files/Pods-SwyftSdk/Pods-SwyftSdk-resources-${CONFIGURATION}-input-files.xcfilelist",
			);
			name = "[CP] Copy Pods Resources";
			outputFileListPaths = (
				"${PODS_ROOT}/Target Support Files/Pods-SwyftSdk/Pods-SwyftSdk-resources-${CONFIGURATION}-output-files.xcfilelist",
			);
			runOnlyForDeploymentPostprocessing = 0;
			shellPath = /bin/sh;
			shellScript = "\"${PODS_ROOT}/Target Support Files/Pods-SwyftSdk/Pods-SwyftSdk-resources.sh\"\n";
			showEnvVarsInLog = 0;
		};
		5C2CC6544F94D914DDD262CF /* [CP] Check Pods Manifest.lock */ = {
			isa = PBXShellScriptBuildPhase;
			buildActionMask = 2147483647;
			files = (
			);
			inputPaths = (
				"${PODS_PODFILE_DIR_PATH}/Podfile.lock",
				"${PODS_ROOT}/Manifest.lock",
			);
			name = "[CP] Check Pods Manifest.lock";
			outputPaths = (
				"$(DERIVED_FILE_DIR)/Pods-SwyftSdkTests-checkManifestLockResult.txt",
			);
			runOnlyForDeploymentPostprocessing = 0;
			shellPath = /bin/sh;
			shellScript = "diff \"${PODS_PODFILE_DIR_PATH}/Podfile.lock\" \"${PODS_ROOT}/Manifest.lock\" > /dev/null\nif [ $? != 0 ] ; then\n    # print error to STDERR\n    echo \"error: The sandbox is not in sync with the Podfile.lock. Run 'pod install' or update your CocoaPods installation.\" >&2\n    exit 1\nfi\n# This output is used by Xcode 'outputs' to avoid re-running this script phase.\necho \"SUCCESS\" > \"${SCRIPT_OUTPUT_FILE_0}\"\n";
			showEnvVarsInLog = 0;
		};
		76EA9146051773FABDE7D79B /* [CP] Check Pods Manifest.lock */ = {
			isa = PBXShellScriptBuildPhase;
			buildActionMask = 2147483647;
			files = (
			);
			inputPaths = (
				"${PODS_PODFILE_DIR_PATH}/Podfile.lock",
				"${PODS_ROOT}/Manifest.lock",
			);
			name = "[CP] Check Pods Manifest.lock";
			outputPaths = (
				"$(DERIVED_FILE_DIR)/Pods-SwyftSdk-checkManifestLockResult.txt",
			);
			runOnlyForDeploymentPostprocessing = 0;
			shellPath = /bin/sh;
			shellScript = "diff \"${PODS_PODFILE_DIR_PATH}/Podfile.lock\" \"${PODS_ROOT}/Manifest.lock\" > /dev/null\nif [ $? != 0 ] ; then\n    # print error to STDERR\n    echo \"error: The sandbox is not in sync with the Podfile.lock. Run 'pod install' or update your CocoaPods installation.\" >&2\n    exit 1\nfi\n# This output is used by Xcode 'outputs' to avoid re-running this script phase.\necho \"SUCCESS\" > \"${SCRIPT_OUTPUT_FILE_0}\"\n";
			showEnvVarsInLog = 0;
		};
/* End PBXShellScriptBuildPhase section */

/* Begin PBXSourcesBuildPhase section */
		D0997B0F2280AEBC00A82DFB /* Sources */ = {
			isa = PBXSourcesBuildPhase;
			buildActionMask = 2147483647;
			files = (
				D08D7F2422A5A17700A6298B /* Product.swift in Sources */,
				D08D7F2622A5C63200A6298B /* GetOrder.swift in Sources */,
				D09679862280D20200437952 /* FireStoreWrite.swift in Sources */,
				D049249722C6CBC90074A67F /* DefaultPaymentInteractor.swift in Sources */,
				D0D3228D22C684D300A2AC98 /* RemovePaymentMethod.swift in Sources */,
				D08A3F4422BD89D000D264D2 /* AddPaymentInteractor.swift in Sources */,
				D08D7F2D22AAF5DA00A6298B /* Respository.swift in Sources */,
				D0997B432280AF4D00A82DFB /* FireStoreRead.swift in Sources */,
				D08A3F3822B8314600D264D2 /* Store.swift in Sources */,
				D08A3F3C22B83F7F00D264D2 /* GetStore.swift in Sources */,
				D06A39882284A12F00DBF639 /* Extentions.swift in Sources */,
				D052DA83228E16B00082C3AE /* ProgressHud.swift in Sources */,
				D0997B4A2280AF4D00A82DFB /* Customer.swift in Sources */,
				D0997B422280AF4D00A82DFB /* GetCustomer.swift in Sources */,
				D096797B2280D15D00437952 /* GetOrders.swift in Sources */,
				D096797F2280D18C00437952 /* GetPaymentMethods.swift in Sources */,
				D08D7F3122AB082500A6298B /* SwyftNetworkAdapter.swift in Sources */,
				D09EECAF2280B42D00B90451 /* FireStoreModel.swift in Sources */,
				D049249122C68DE30074A67F /* RemovePaymentInteractor.swift in Sources */,
				B177C4E422BEBF1B0010756F /* Notifications.swift in Sources */,
				D06A397F22849F6B00DBF639 /* SwyftSession.swift in Sources */,
				D049249322C68EAE0074A67F /* RemovePaymentResponse.swift in Sources */,
				D09679812280D1A300437952 /* GetProduct.swift in Sources */,
				D06A397D22849A1800DBF639 /* Configure.swift in Sources */,
				D08D7F2222A592D700A6298B /* Order.swift in Sources */,
				D09679842280D1EB00437952 /* UpdateCustomer.swift in Sources */,
				D08D7F2F22AAFDBD00A6298B /* Utils.swift in Sources */,
				D08A3F3E22BD458E00D264D2 /* Notifications.swift in Sources */,
				D0D3228B22C2A5A200A2AC98 /* SwyftPaymentMethod.swift in Sources */,
				D06A398422849FE900DBF639 /* SwyftConstants.swift in Sources */,
				D08A3F4022BD537700D264D2 /* PaymentMethod.swift in Sources */,
				D096797D2280D17300437952 /* GetStores.swift in Sources */,
				D052DA88228E1B0A0082C3AE /* PopUpManager.swift in Sources */,
				D0D3228722C2A10600A2AC98 /* PaymentResponse.swift in Sources */,
				D08A3F4222BD538800D264D2 /* XmlRequestBase.swift in Sources */,
				D049249522C6C14D0074A67F /* XmlResponseBase.swift in Sources */,
				D0D3228922C2A2D200A2AC98 /* ErrorResponse.swift in Sources */,
			);
			runOnlyForDeploymentPostprocessing = 0;
		};
		D0997B182280AEBC00A82DFB /* Sources */ = {
			isa = PBXSourcesBuildPhase;
			buildActionMask = 2147483647;
			files = (
				D0997B222280AEBC00A82DFB /* SwyftSDKTests.swift in Sources */,
			);
			runOnlyForDeploymentPostprocessing = 0;
		};
/* End PBXSourcesBuildPhase section */

/* Begin PBXTargetDependency section */
		D0997B1F2280AEBC00A82DFB /* PBXTargetDependency */ = {
			isa = PBXTargetDependency;
			target = D0997B122280AEBC00A82DFB /* SwyftSdk */;
			targetProxy = D0997B1E2280AEBC00A82DFB /* PBXContainerItemProxy */;
		};
/* End PBXTargetDependency section */

/* Begin XCBuildConfiguration section */
		D0997B252280AEBC00A82DFB /* Debug */ = {
			isa = XCBuildConfiguration;
			buildSettings = {
				ALWAYS_SEARCH_USER_PATHS = NO;
				CLANG_ANALYZER_NONNULL = YES;
				CLANG_ANALYZER_NUMBER_OBJECT_CONVERSION = YES_AGGRESSIVE;
				CLANG_CXX_LANGUAGE_STANDARD = "gnu++14";
				CLANG_CXX_LIBRARY = "libc++";
				CLANG_ENABLE_MODULES = YES;
				CLANG_ENABLE_OBJC_ARC = YES;
				CLANG_ENABLE_OBJC_WEAK = YES;
				CLANG_WARN_BLOCK_CAPTURE_AUTORELEASING = YES;
				CLANG_WARN_BOOL_CONVERSION = YES;
				CLANG_WARN_COMMA = YES;
				CLANG_WARN_CONSTANT_CONVERSION = YES;
				CLANG_WARN_DEPRECATED_OBJC_IMPLEMENTATIONS = YES;
				CLANG_WARN_DIRECT_OBJC_ISA_USAGE = YES_ERROR;
				CLANG_WARN_DOCUMENTATION_COMMENTS = YES;
				CLANG_WARN_EMPTY_BODY = YES;
				CLANG_WARN_ENUM_CONVERSION = YES;
				CLANG_WARN_INFINITE_RECURSION = YES;
				CLANG_WARN_INT_CONVERSION = YES;
				CLANG_WARN_NON_LITERAL_NULL_CONVERSION = YES;
				CLANG_WARN_OBJC_IMPLICIT_RETAIN_SELF = YES;
				CLANG_WARN_OBJC_LITERAL_CONVERSION = YES;
				CLANG_WARN_OBJC_ROOT_CLASS = YES_ERROR;
				CLANG_WARN_RANGE_LOOP_ANALYSIS = YES;
				CLANG_WARN_STRICT_PROTOTYPES = YES;
				CLANG_WARN_SUSPICIOUS_MOVE = YES;
				CLANG_WARN_UNGUARDED_AVAILABILITY = YES_AGGRESSIVE;
				CLANG_WARN_UNREACHABLE_CODE = YES;
				CLANG_WARN__DUPLICATE_METHOD_MATCH = YES;
				CODE_SIGN_IDENTITY = "iPhone Developer";
				COPY_PHASE_STRIP = NO;
				CURRENT_PROJECT_VERSION = 1;
				DEBUG_INFORMATION_FORMAT = dwarf;
				ENABLE_STRICT_OBJC_MSGSEND = YES;
				ENABLE_TESTABILITY = YES;
				GCC_C_LANGUAGE_STANDARD = gnu11;
				GCC_DYNAMIC_NO_PIC = NO;
				GCC_NO_COMMON_BLOCKS = YES;
				GCC_OPTIMIZATION_LEVEL = 0;
				GCC_PREPROCESSOR_DEFINITIONS = (
					"DEBUG=1",
					"$(inherited)",
				);
				GCC_WARN_64_TO_32_BIT_CONVERSION = YES;
				GCC_WARN_ABOUT_RETURN_TYPE = YES_ERROR;
				GCC_WARN_UNDECLARED_SELECTOR = YES;
				GCC_WARN_UNINITIALIZED_AUTOS = YES_AGGRESSIVE;
				GCC_WARN_UNUSED_FUNCTION = YES;
				GCC_WARN_UNUSED_VARIABLE = YES;
				IPHONEOS_DEPLOYMENT_TARGET = 12.1;
				MTL_ENABLE_DEBUG_INFO = INCLUDE_SOURCE;
				MTL_FAST_MATH = YES;
				ONLY_ACTIVE_ARCH = YES;
				SDKROOT = iphoneos;
				SWIFT_ACTIVE_COMPILATION_CONDITIONS = DEBUG;
				SWIFT_OPTIMIZATION_LEVEL = "-Onone";
				VERSIONING_SYSTEM = "apple-generic";
				VERSION_INFO_PREFIX = "";
			};
			name = Debug;
		};
		D0997B262280AEBC00A82DFB /* Release */ = {
			isa = XCBuildConfiguration;
			buildSettings = {
				ALWAYS_SEARCH_USER_PATHS = NO;
				CLANG_ANALYZER_NONNULL = YES;
				CLANG_ANALYZER_NUMBER_OBJECT_CONVERSION = YES_AGGRESSIVE;
				CLANG_CXX_LANGUAGE_STANDARD = "gnu++14";
				CLANG_CXX_LIBRARY = "libc++";
				CLANG_ENABLE_MODULES = YES;
				CLANG_ENABLE_OBJC_ARC = YES;
				CLANG_ENABLE_OBJC_WEAK = YES;
				CLANG_WARN_BLOCK_CAPTURE_AUTORELEASING = YES;
				CLANG_WARN_BOOL_CONVERSION = YES;
				CLANG_WARN_COMMA = YES;
				CLANG_WARN_CONSTANT_CONVERSION = YES;
				CLANG_WARN_DEPRECATED_OBJC_IMPLEMENTATIONS = YES;
				CLANG_WARN_DIRECT_OBJC_ISA_USAGE = YES_ERROR;
				CLANG_WARN_DOCUMENTATION_COMMENTS = YES;
				CLANG_WARN_EMPTY_BODY = YES;
				CLANG_WARN_ENUM_CONVERSION = YES;
				CLANG_WARN_INFINITE_RECURSION = YES;
				CLANG_WARN_INT_CONVERSION = YES;
				CLANG_WARN_NON_LITERAL_NULL_CONVERSION = YES;
				CLANG_WARN_OBJC_IMPLICIT_RETAIN_SELF = YES;
				CLANG_WARN_OBJC_LITERAL_CONVERSION = YES;
				CLANG_WARN_OBJC_ROOT_CLASS = YES_ERROR;
				CLANG_WARN_RANGE_LOOP_ANALYSIS = YES;
				CLANG_WARN_STRICT_PROTOTYPES = YES;
				CLANG_WARN_SUSPICIOUS_MOVE = YES;
				CLANG_WARN_UNGUARDED_AVAILABILITY = YES_AGGRESSIVE;
				CLANG_WARN_UNREACHABLE_CODE = YES;
				CLANG_WARN__DUPLICATE_METHOD_MATCH = YES;
				CODE_SIGN_IDENTITY = "iPhone Developer";
				COPY_PHASE_STRIP = NO;
				CURRENT_PROJECT_VERSION = 1;
				DEBUG_INFORMATION_FORMAT = "dwarf-with-dsym";
				ENABLE_NS_ASSERTIONS = NO;
				ENABLE_STRICT_OBJC_MSGSEND = YES;
				GCC_C_LANGUAGE_STANDARD = gnu11;
				GCC_NO_COMMON_BLOCKS = YES;
				GCC_WARN_64_TO_32_BIT_CONVERSION = YES;
				GCC_WARN_ABOUT_RETURN_TYPE = YES_ERROR;
				GCC_WARN_UNDECLARED_SELECTOR = YES;
				GCC_WARN_UNINITIALIZED_AUTOS = YES_AGGRESSIVE;
				GCC_WARN_UNUSED_FUNCTION = YES;
				GCC_WARN_UNUSED_VARIABLE = YES;
				IPHONEOS_DEPLOYMENT_TARGET = 12.1;
				MTL_ENABLE_DEBUG_INFO = NO;
				MTL_FAST_MATH = YES;
				SDKROOT = iphoneos;
				SWIFT_COMPILATION_MODE = wholemodule;
				SWIFT_OPTIMIZATION_LEVEL = "-O";
				VALIDATE_PRODUCT = YES;
				VERSIONING_SYSTEM = "apple-generic";
				VERSION_INFO_PREFIX = "";
			};
			name = Release;
		};
		D0997B282280AEBC00A82DFB /* Debug */ = {
			isa = XCBuildConfiguration;
			baseConfigurationReference = 88DB4010AA83575ED758B0CD /* Pods-SwyftSdk.debug.xcconfig */;
			buildSettings = {
				CLANG_ENABLE_MODULES = YES;
				CODE_SIGN_IDENTITY = "";
				CODE_SIGN_STYLE = Automatic;
				DEFINES_MODULE = YES;
				DYLIB_COMPATIBILITY_VERSION = 1;
				DYLIB_CURRENT_VERSION = 1;
				DYLIB_INSTALL_NAME_BASE = "@rpath";
				ENVIRONMENT_URL = "https://us-central1-zoom-shops-dev.cloudfunctions.net/app_api";
				INFOPLIST_FILE = "$(SRCROOT)/SwyftSdk/Info.plist";
				INSTALL_PATH = "$(LOCAL_LIBRARY_DIR)/Frameworks";
				LD_RUNPATH_SEARCH_PATHS = (
					"$(inherited)",
					"@executable_path/Frameworks",
					"@loader_path/Frameworks",
				);
				PRODUCT_BUNDLE_IDENTIFIER = com.swyft.SwyftSdk;
				PRODUCT_NAME = "$(TARGET_NAME:c99extidentifier)";
				SKIP_INSTALL = YES;
				SWIFT_OPTIMIZATION_LEVEL = "-Onone";
				SWIFT_VERSION = 4.2;
				TARGETED_DEVICE_FAMILY = "1,2";
			};
			name = Debug;
		};
		D0997B292280AEBC00A82DFB /* Release */ = {
			isa = XCBuildConfiguration;
			baseConfigurationReference = E83E1F4F39A8D38E55C50D33 /* Pods-SwyftSdk.release.xcconfig */;
			buildSettings = {
				CLANG_ENABLE_MODULES = YES;
				CODE_SIGN_IDENTITY = "";
				CODE_SIGN_STYLE = Automatic;
				DEFINES_MODULE = YES;
				DYLIB_COMPATIBILITY_VERSION = 1;
				DYLIB_CURRENT_VERSION = 1;
				DYLIB_INSTALL_NAME_BASE = "@rpath";
				ENVIRONMENT_URL = "https://us-central1-zoom-shops.cloudfunctions.net/app_api";
				INFOPLIST_FILE = "$(SRCROOT)/SwyftSdk/Info.plist";
				INSTALL_PATH = "$(LOCAL_LIBRARY_DIR)/Frameworks";
				LD_RUNPATH_SEARCH_PATHS = (
					"$(inherited)",
					"@executable_path/Frameworks",
					"@loader_path/Frameworks",
				);
				PRODUCT_BUNDLE_IDENTIFIER = com.swyft.SwyftSdk;
				PRODUCT_NAME = "$(TARGET_NAME:c99extidentifier)";
				SKIP_INSTALL = YES;
				SWIFT_VERSION = 4.2;
				TARGETED_DEVICE_FAMILY = "1,2";
			};
			name = Release;
		};
		D0997B2B2280AEBC00A82DFB /* Debug */ = {
			isa = XCBuildConfiguration;
			baseConfigurationReference = 80B062963F20B808F2AA587B /* Pods-SwyftSdkTests.debug.xcconfig */;
			buildSettings = {
				ALWAYS_EMBED_SWIFT_STANDARD_LIBRARIES = YES;
				CODE_SIGN_STYLE = Automatic;
				INFOPLIST_FILE = SwyftSdkTests/Info.plist;
				LD_RUNPATH_SEARCH_PATHS = (
					"$(inherited)",
					"@executable_path/Frameworks",
					"@loader_path/Frameworks",
				);
				PRODUCT_BUNDLE_IDENTIFIER = com.swyft.SwyftSdkTests;
				PRODUCT_NAME = "$(TARGET_NAME)";
				SWIFT_VERSION = 4.2;
				TARGETED_DEVICE_FAMILY = "1,2";
			};
			name = Debug;
		};
		D0997B2C2280AEBC00A82DFB /* Release */ = {
			isa = XCBuildConfiguration;
			baseConfigurationReference = 6638802410FFE435453DFD2C /* Pods-SwyftSdkTests.release.xcconfig */;
			buildSettings = {
				ALWAYS_EMBED_SWIFT_STANDARD_LIBRARIES = YES;
				CODE_SIGN_STYLE = Automatic;
				INFOPLIST_FILE = SwyftSdkTests/Info.plist;
				LD_RUNPATH_SEARCH_PATHS = (
					"$(inherited)",
					"@executable_path/Frameworks",
					"@loader_path/Frameworks",
				);
				PRODUCT_BUNDLE_IDENTIFIER = com.swyft.SwyftSdkTests;
				PRODUCT_NAME = "$(TARGET_NAME)";
				SWIFT_VERSION = 4.2;
				TARGETED_DEVICE_FAMILY = "1,2";
			};
			name = Release;
		};
/* End XCBuildConfiguration section */

/* Begin XCConfigurationList section */
		D0997B0D2280AEBC00A82DFB /* Build configuration list for PBXProject "SwyftSdk" */ = {
			isa = XCConfigurationList;
			buildConfigurations = (
				D0997B252280AEBC00A82DFB /* Debug */,
				D0997B262280AEBC00A82DFB /* Release */,
			);
			defaultConfigurationIsVisible = 0;
			defaultConfigurationName = Release;
		};
		D0997B272280AEBC00A82DFB /* Build configuration list for PBXNativeTarget "SwyftSdk" */ = {
			isa = XCConfigurationList;
			buildConfigurations = (
				D0997B282280AEBC00A82DFB /* Debug */,
				D0997B292280AEBC00A82DFB /* Release */,
			);
			defaultConfigurationIsVisible = 0;
			defaultConfigurationName = Release;
		};
		D0997B2A2280AEBC00A82DFB /* Build configuration list for PBXNativeTarget "SwyftSdkTests" */ = {
			isa = XCConfigurationList;
			buildConfigurations = (
				D0997B2B2280AEBC00A82DFB /* Debug */,
				D0997B2C2280AEBC00A82DFB /* Release */,
			);
			defaultConfigurationIsVisible = 0;
			defaultConfigurationName = Release;
		};
/* End XCConfigurationList section */
	};
	rootObject = D0997B0A2280AEBC00A82DFB /* Project object */;
}
